// !$*UTF8*$!
{
	archiveVersion = 1;
	classes = {
	};
	objectVersion = 55;
	objects = {

/* Begin PBXBuildFile section */
		0A3ED14128F98956000D55D8 /* MyPageViewModel.swift in Sources */ = {isa = PBXBuildFile; fileRef = 0A3ED14028F98956000D55D8 /* MyPageViewModel.swift */; };
		0A3ED14428F99F11000D55D8 /* TravelsCollectionViewCell.swift in Sources */ = {isa = PBXBuildFile; fileRef = 0A3ED14328F99F11000D55D8 /* TravelsCollectionViewCell.swift */; };
		0A3ED14628F99FBF000D55D8 /* SetProfileImageViewController.swift in Sources */ = {isa = PBXBuildFile; fileRef = 0A3ED14528F99FBF000D55D8 /* SetProfileImageViewController.swift */; };
		0A3ED14828FBE6EB000D55D8 /* MyPageViewController.swift in Sources */ = {isa = PBXBuildFile; fileRef = 0A3ED14728FBE6EB000D55D8 /* MyPageViewController.swift */; };
		0A5235B028F8510C00AC77AC /* UIFont+.swift in Sources */ = {isa = PBXBuildFile; fileRef = 0A5235AF28F8510C00AC77AC /* UIFont+.swift */; };
		0A5235B228F854C200AC77AC /* UIColor+.swift in Sources */ = {isa = PBXBuildFile; fileRef = 0A5235B128F854C200AC77AC /* UIColor+.swift */; };
		0A5DC37B28F7F65B00AABED1 /* ImageManager.swift in Sources */ = {isa = PBXBuildFile; fileRef = 0A5DC37A28F7F65B00AABED1 /* ImageManager.swift */; };
		0A5E904528E8578400B381B8 /* PageViewController.swift in Sources */ = {isa = PBXBuildFile; fileRef = 0A5E904428E8578400B381B8 /* PageViewController.swift */; };
		0A5E904828E857E200B381B8 /* StickerView.swift in Sources */ = {isa = PBXBuildFile; fileRef = 0A5E904728E857E200B381B8 /* StickerView.swift */; };
		0A5E904A28E858C000B381B8 /* StickerContollerView.swift in Sources */ = {isa = PBXBuildFile; fileRef = 0A5E904928E858C000B381B8 /* StickerContollerView.swift */; };
		0A5E904C28E858D200B381B8 /* StickerBorderView.swift in Sources */ = {isa = PBXBuildFile; fileRef = 0A5E904B28E858D200B381B8 /* StickerBorderView.swift */; };
		0A5E904F28E9948B00B381B8 /* PageViewModel.swift in Sources */ = {isa = PBXBuildFile; fileRef = 0A5E904E28E9948B00B381B8 /* PageViewModel.swift */; };
		0A6F107128FBFA7C002FB611 /* MenuTableViewCell.swift in Sources */ = {isa = PBXBuildFile; fileRef = 0A6F107028FBFA7C002FB611 /* MenuTableViewCell.swift */; };
		0A6F107528FC3782002FB611 /* LicenseViewController.swift in Sources */ = {isa = PBXBuildFile; fileRef = 0A6F107428FC3782002FB611 /* LicenseViewController.swift */; };
		0A6F107D28FC6259002FB611 /* License.txt in Resources */ = {isa = PBXBuildFile; fileRef = 0A6F107C28FC6258002FB611 /* License.txt */; };
		0AAB2ACD28EAFD78009FBD96 /* MapSearchViewController.swift in Sources */ = {isa = PBXBuildFile; fileRef = 0AAB2ACC28EAFD78009FBD96 /* MapSearchViewController.swift */; };
		0AAB2ACF28EAFF52009FBD96 /* TableView+.swift in Sources */ = {isa = PBXBuildFile; fileRef = 0AAB2ACE28EAFF52009FBD96 /* TableView+.swift */; };
		0AAB2AD128EAFF6D009FBD96 /* CollectionView+.swift in Sources */ = {isa = PBXBuildFile; fileRef = 0AAB2AD028EAFF6D009FBD96 /* CollectionView+.swift */; };
		0AAB2AD328EB14A8009FBD96 /* UIView+.swift in Sources */ = {isa = PBXBuildFile; fileRef = 0AAB2AD228EB14A8009FBD96 /* UIView+.swift */; };
		0AAB2AD528EC1F11009FBD96 /* StickerPickerViewController.swift in Sources */ = {isa = PBXBuildFile; fileRef = 0AAB2AD428EC1F11009FBD96 /* StickerPickerViewController.swift */; };
		0AAB2ADA28EC8C8D009FBD96 /* StickerPickerCollectionViewCell.swift in Sources */ = {isa = PBXBuildFile; fileRef = 0AAB2AD928EC8C8D009FBD96 /* StickerPickerCollectionViewCell.swift */; };
		0AAB2ADC28EDA067009FBD96 /* TextStickerView.swift in Sources */ = {isa = PBXBuildFile; fileRef = 0AAB2ADB28EDA067009FBD96 /* TextStickerView.swift */; };
		0AAB2ADE28EDA511009FBD96 /* MapStickerView.swift in Sources */ = {isa = PBXBuildFile; fileRef = 0AAB2ADD28EDA510009FBD96 /* MapStickerView.swift */; };
		0AAB2AE028EDA553009FBD96 /* ImageStickerView.swift in Sources */ = {isa = PBXBuildFile; fileRef = 0AAB2ADF28EDA553009FBD96 /* ImageStickerView.swift */; };
		0AAB2AE228EDA55D009FBD96 /* StickerStickerView.swift in Sources */ = {isa = PBXBuildFile; fileRef = 0AAB2AE128EDA55D009FBD96 /* StickerStickerView.swift */; };
		0AD6FD7E2903054D00939F3D /* MapSearchResultTableViewCell.swift in Sources */ = {isa = PBXBuildFile; fileRef = 0AD6FD7D2903054D00939F3D /* MapSearchResultTableViewCell.swift */; };
		0AE27F2528F442B100D79208 /* FirebaseStorage.swift in Sources */ = {isa = PBXBuildFile; fileRef = 0AE27F2428F442B100D79208 /* FirebaseStorage.swift */; };
		0AE94ABC291182090051A710 /* ErrorMessage.swift in Sources */ = {isa = PBXBuildFile; fileRef = 0AE94ABB291182090051A710 /* ErrorMessage.swift */; };
		0AEC53EC28EF211D001B0169 /* StickerViewData.swift in Sources */ = {isa = PBXBuildFile; fileRef = 0AEC53EB28EF211D001B0169 /* StickerViewData.swift */; };
		B93EC22928F7BC8000BB89C5 /* String+.swift in Sources */ = {isa = PBXBuildFile; fileRef = B93EC22828F7BC8000BB89C5 /* String+.swift */; };
		CC0F434428F71E62003060D5 /* DiaryConfigViewModel.swift in Sources */ = {isa = PBXBuildFile; fileRef = CC0F434328F71E62003060D5 /* DiaryConfigViewModel.swift */; };
		CC341406291930F800A1FD17 /* DiaryColorCell.swift in Sources */ = {isa = PBXBuildFile; fileRef = CC341405291930F800A1FD17 /* DiaryColorCell.swift */; };
		CC3414082919310700A1FD17 /* DiaryColorCellViewModel.swift in Sources */ = {isa = PBXBuildFile; fileRef = CC3414072919310700A1FD17 /* DiaryColorCellViewModel.swift */; };
		CC34140A29193C0A00A1FD17 /* DiaryColorCollectionView.swift in Sources */ = {isa = PBXBuildFile; fileRef = CC34140929193C0A00A1FD17 /* DiaryColorCollectionView.swift */; };
		CC34140C29193E6E00A1FD17 /* DiaryColorCollectionViewModel.swift in Sources */ = {isa = PBXBuildFile; fileRef = CC34140B29193E6E00A1FD17 /* DiaryColorCollectionViewModel.swift */; };
		CC40BC1628EEADEB00DF48E1 /* CalendarPickerFooterView.swift in Sources */ = {isa = PBXBuildFile; fileRef = CC40BC1528EEADEB00DF48E1 /* CalendarPickerFooterView.swift */; };
		CC40BC1828EEADFD00DF48E1 /* CalendarPickerHeaderView.swift in Sources */ = {isa = PBXBuildFile; fileRef = CC40BC1728EEADFD00DF48E1 /* CalendarPickerHeaderView.swift */; };
		CC40BC1A28EEAE2400DF48E1 /* CalendarDateCollectionViewCell.swift in Sources */ = {isa = PBXBuildFile; fileRef = CC40BC1928EEAE2400DF48E1 /* CalendarDateCollectionViewCell.swift */; };
		CC40BC1C28EEAEB200DF48E1 /* Day.swift in Sources */ = {isa = PBXBuildFile; fileRef = CC40BC1B28EEAEB200DF48E1 /* Day.swift */; };
		CC40BC1E28EEAEDA00DF48E1 /* MonthMetadata.swift in Sources */ = {isa = PBXBuildFile; fileRef = CC40BC1D28EEAEDA00DF48E1 /* MonthMetadata.swift */; };
		CC40BC1F28EEB10800DF48E1 /* CalendarPickerViewController.swift in Sources */ = {isa = PBXBuildFile; fileRef = CC40BC1328EEADD100DF48E1 /* CalendarPickerViewController.swift */; };
		CC65514728EEBF7C00E637A2 /* Date+.swift in Sources */ = {isa = PBXBuildFile; fileRef = CC65514628EEBF7C00E637A2 /* Date+.swift */; };
		CC65515028F0874800E637A2 /* MyDiaryPagesViewController.swift in Sources */ = {isa = PBXBuildFile; fileRef = CC65514F28F0874800E637A2 /* MyDiaryPagesViewController.swift */; };
		CC65515228F0877900E637A2 /* MyDiaryPagesViewCollectionViewCell.swift in Sources */ = {isa = PBXBuildFile; fileRef = CC65515128F0877900E637A2 /* MyDiaryPagesViewCollectionViewCell.swift */; };
		CC65515828F544ED00E637A2 /* PopUpViewController.swift in Sources */ = {isa = PBXBuildFile; fileRef = CC65515728F544ED00E637A2 /* PopUpViewController.swift */; };
		CC6BD74428EBFA80001ED665 /* DiaryConfigViewController.swift in Sources */ = {isa = PBXBuildFile; fileRef = CC6BD74328EBFA80001ED665 /* DiaryConfigViewController.swift */; };
		CC6BD74628EC18B8001ED665 /* DiaryConfigCollectionViewCell.swift in Sources */ = {isa = PBXBuildFile; fileRef = CC6BD74528EC18B8001ED665 /* DiaryConfigCollectionViewCell.swift */; };
		CC9F969628F7E0B100E4B68A /* MyDiaryPagesViewModel.swift in Sources */ = {isa = PBXBuildFile; fileRef = CC9F969528F7E0B100E4B68A /* MyDiaryPagesViewModel.swift */; };
		CCD6D58C29135A7300013367 /* DiaryConfigCellViewModel.swift in Sources */ = {isa = PBXBuildFile; fileRef = CCD6D58B29135A7300013367 /* DiaryConfigCellViewModel.swift */; };
		CCD6D58E2914F6C600013367 /* DiaryConfigModel.swift in Sources */ = {isa = PBXBuildFile; fileRef = CCD6D58D2914F6C600013367 /* DiaryConfigModel.swift */; };
		CCE1806F28E5919B00AF06DB /* SignInViewController.swift in Sources */ = {isa = PBXBuildFile; fileRef = CCE1806E28E5919B00AF06DB /* SignInViewController.swift */; };
		E21342D928F6B0660048D9CF /* FirebaseClient.swift in Sources */ = {isa = PBXBuildFile; fileRef = E21342D828F6B0660048D9CF /* FirebaseClient.swift */; };
		E21342DB28F6B0800048D9CF /* EF_Diary.ttf in Resources */ = {isa = PBXBuildFile; fileRef = E21342DA28F6B07F0048D9CF /* EF_Diary.ttf */; };
		E21342DD28F6B2740048D9CF /* HalfModalPresentationController.swift in Sources */ = {isa = PBXBuildFile; fileRef = E21342DC28F6B2740048D9CF /* HalfModalPresentationController.swift */; };
		E21342DF28F6B31D0048D9CF /* MyHomeViewController.swift in Sources */ = {isa = PBXBuildFile; fileRef = E21342DE28F6B31D0048D9CF /* MyHomeViewController.swift */; };
		E21342E128F6B6940048D9CF /* MyPlaceViewModel.swift in Sources */ = {isa = PBXBuildFile; fileRef = E21342E028F6B6940048D9CF /* MyPlaceViewModel.swift */; };
		E21342E328F6B6BC0048D9CF /* MapData.swift in Sources */ = {isa = PBXBuildFile; fileRef = E21342E228F6B6BC0048D9CF /* MapData.swift */; };
		E25753BF28ED9E0600023619 /* Kingfisher in Frameworks */ = {isa = PBXBuildFile; productRef = E25753BE28ED9E0600023619 /* Kingfisher */; };
		E265C8102914E9A4003380A5 /* HomeButtonView.swift in Sources */ = {isa = PBXBuildFile; fileRef = E265C80F2914E9A4003380A5 /* HomeButtonView.swift */; };
		E26F0DB22916B33900B040C9 /* CollectionEmptyView.swift in Sources */ = {isa = PBXBuildFile; fileRef = E26F0DB12916B33900B040C9 /* CollectionEmptyView.swift */; };
		E27469AB29199DAD00BC906A /* PhotoCollectionView.swift in Sources */ = {isa = PBXBuildFile; fileRef = E27469AA29199DAD00BC906A /* PhotoCollectionView.swift */; };
		E276B91C28E46AE900163833 /* User.swift in Sources */ = {isa = PBXBuildFile; fileRef = E276B91B28E46AE900163833 /* User.swift */; };
		E276B91E28E46B3700163833 /* DiaryModel.swift in Sources */ = {isa = PBXBuildFile; fileRef = E276B91D28E46B3700163833 /* DiaryModel.swift */; };
		E276B92028E4812E00163833 /* UIScreen+.swift in Sources */ = {isa = PBXBuildFile; fileRef = E276B91F28E4812E00163833 /* UIScreen+.swift */; };
		E28F080228E4655100832F4A /* AppDelegate.swift in Sources */ = {isa = PBXBuildFile; fileRef = E28F080128E4655100832F4A /* AppDelegate.swift */; };
		E28F080428E4655100832F4A /* SceneDelegate.swift in Sources */ = {isa = PBXBuildFile; fileRef = E28F080328E4655100832F4A /* SceneDelegate.swift */; };
		E28F080628E4655100832F4A /* ViewController.swift in Sources */ = {isa = PBXBuildFile; fileRef = E28F080528E4655100832F4A /* ViewController.swift */; };
		E28F080B28E4655200832F4A /* Assets.xcassets in Resources */ = {isa = PBXBuildFile; fileRef = E28F080A28E4655200832F4A /* Assets.xcassets */; };
		E28F080E28E4655200832F4A /* LaunchScreen.storyboard in Resources */ = {isa = PBXBuildFile; fileRef = E28F080C28E4655200832F4A /* LaunchScreen.storyboard */; };
		E28F081928E4655200832F4A /* MacC_GoldenRatioTests.swift in Sources */ = {isa = PBXBuildFile; fileRef = E28F081828E4655200832F4A /* MacC_GoldenRatioTests.swift */; };
		E28F082328E4655200832F4A /* MacC_GoldenRatioUITests.swift in Sources */ = {isa = PBXBuildFile; fileRef = E28F082228E4655200832F4A /* MacC_GoldenRatioUITests.swift */; };
		E28F082528E4655200832F4A /* MacC_GoldenRatioUITestsLaunchTests.swift in Sources */ = {isa = PBXBuildFile; fileRef = E28F082428E4655200832F4A /* MacC_GoldenRatioUITestsLaunchTests.swift */; };
		E2993A6629195AD600409C9B /* AlbumCollectionView.swift in Sources */ = {isa = PBXBuildFile; fileRef = E2993A6529195AD600409C9B /* AlbumCollectionView.swift */; };
		E2993A6829195B9400409C9B /* AlbumCollectionViewModel.swift in Sources */ = {isa = PBXBuildFile; fileRef = E2993A6729195B9400409C9B /* AlbumCollectionViewModel.swift */; };
		E2B025BC28EB326C00B73891 /* MyHomeViewModel.swift in Sources */ = {isa = PBXBuildFile; fileRef = E2B025BB28EB326C00B73891 /* MyHomeViewModel.swift */; };
		E2B025C728EC163500B73891 /* FirestoreClient.swift in Sources */ = {isa = PBXBuildFile; fileRef = E2B025C628EC163500B73891 /* FirestoreClient.swift */; };
		E2BEC45E28F806C40056E755 /* MyAlbumViewModel.swift in Sources */ = {isa = PBXBuildFile; fileRef = E2BEC45D28F806C40056E755 /* MyAlbumViewModel.swift */; };
		E2BEC46028F806F80056E755 /* AlbumData.swift in Sources */ = {isa = PBXBuildFile; fileRef = E2BEC45F28F806F80056E755 /* AlbumData.swift */; };
		E2BEC46328F82DC30056E755 /* MyAlbumTitleCollectionViewCell.swift in Sources */ = {isa = PBXBuildFile; fileRef = E2BEC46228F82DC30056E755 /* MyAlbumTitleCollectionViewCell.swift */; };
		E2C27502290D62EB00319885 /* DiaryCollectionViewModel.swift in Sources */ = {isa = PBXBuildFile; fileRef = E2C27501290D62EB00319885 /* DiaryCollectionViewModel.swift */; };
		E2C2750B290D950400319885 /* DiaryCollectionView.swift in Sources */ = {isa = PBXBuildFile; fileRef = E2C2750A290D950400319885 /* DiaryCollectionView.swift */; };
		E2C2A76C28F97DB900D48F8F /* LoadingIndicator.swift in Sources */ = {isa = PBXBuildFile; fileRef = E2C2A76B28F97DB900D48F8F /* LoadingIndicator.swift */; };
		E2C8FA26291432B4009C58C9 /* RxCocoa in Frameworks */ = {isa = PBXBuildFile; productRef = E2C8FA25291432B4009C58C9 /* RxCocoa */; };
		E2C8FA28291432B4009C58C9 /* RxSwift in Frameworks */ = {isa = PBXBuildFile; productRef = E2C8FA27291432B4009C58C9 /* RxSwift */; };
		E2CCF30128F74450008A12F9 /* CustomAnnotationView.swift in Sources */ = {isa = PBXBuildFile; fileRef = E2CCF30028F74450008A12F9 /* CustomAnnotationView.swift */; };
		E2CCF30328F7534E008A12F9 /* CustomClusterAnnotationView.swift in Sources */ = {isa = PBXBuildFile; fileRef = E2CCF30228F7534E008A12F9 /* CustomClusterAnnotationView.swift */; };
		E2DA8F6028F842310098DD94 /* MyAlbumCollectionViewCell.swift in Sources */ = {isa = PBXBuildFile; fileRef = E2DA8F5F28F842310098DD94 /* MyAlbumCollectionViewCell.swift */; };
		E2DA8F6228F856A10098DD94 /* MyAlbumPhotoViewController.swift in Sources */ = {isa = PBXBuildFile; fileRef = E2DA8F6128F856A10098DD94 /* MyAlbumPhotoViewController.swift */; };
		E2DA8F6428F857D80098DD94 /* MyAlbumPhotoCollectionViewCell.swift in Sources */ = {isa = PBXBuildFile; fileRef = E2DA8F6328F857D80098DD94 /* MyAlbumPhotoCollectionViewCell.swift */; };
		E2E5442F2916C24600E611D0 /* RxDataSources in Frameworks */ = {isa = PBXBuildFile; productRef = E2E5442E2916C24600E611D0 /* RxDataSources */; };
		E2E544312916D91400E611D0 /* DiarySection.swift in Sources */ = {isa = PBXBuildFile; fileRef = E2E544302916D91400E611D0 /* DiarySection.swift */; };
		E2EA7F0828E56CF600AC1C49 /* MyPlaceViewController.swift in Sources */ = {isa = PBXBuildFile; fileRef = E2EA7F0728E56CF600AC1C49 /* MyPlaceViewController.swift */; };
		E2EA7F1628E5711E00AC1C49 /* DiaryCollectionHeaderView.swift in Sources */ = {isa = PBXBuildFile; fileRef = E2EA7F1528E5711E00AC1C49 /* DiaryCollectionHeaderView.swift */; };
		E2ED4872290ABE46002FEC2B /* Notification+.swift in Sources */ = {isa = PBXBuildFile; fileRef = E2ED4871290ABE46002FEC2B /* Notification+.swift */; };
		E2F5690328E57E7B0039BE37 /* SnapKit in Frameworks */ = {isa = PBXBuildFile; productRef = E2F5690228E57E7B0039BE37 /* SnapKit */; };
		E2F5690928E5CCDC0039BE37 /* FirebaseAuth in Frameworks */ = {isa = PBXBuildFile; productRef = E2F5690828E5CCDC0039BE37 /* FirebaseAuth */; };
		E2F5690B28E5CCDC0039BE37 /* FirebaseAuthCombine-Community in Frameworks */ = {isa = PBXBuildFile; productRef = E2F5690A28E5CCDC0039BE37 /* FirebaseAuthCombine-Community */; };
		E2F5690D28E5CCDC0039BE37 /* FirebaseDatabase in Frameworks */ = {isa = PBXBuildFile; productRef = E2F5690C28E5CCDC0039BE37 /* FirebaseDatabase */; };
		E2F5690F28E5CCDC0039BE37 /* FirebaseDatabaseSwift in Frameworks */ = {isa = PBXBuildFile; productRef = E2F5690E28E5CCDC0039BE37 /* FirebaseDatabaseSwift */; };
		E2F5691128E5CCDC0039BE37 /* FirebaseFirestore in Frameworks */ = {isa = PBXBuildFile; productRef = E2F5691028E5CCDC0039BE37 /* FirebaseFirestore */; };
		E2F5691328E5CCDC0039BE37 /* FirebaseFirestoreCombine-Community in Frameworks */ = {isa = PBXBuildFile; productRef = E2F5691228E5CCDC0039BE37 /* FirebaseFirestoreCombine-Community */; };
		E2F5691528E5CCDC0039BE37 /* FirebaseStorage in Frameworks */ = {isa = PBXBuildFile; productRef = E2F5691428E5CCDC0039BE37 /* FirebaseStorage */; };
		E2F5691728E5CCDC0039BE37 /* FirebaseStorageCombine-Community in Frameworks */ = {isa = PBXBuildFile; productRef = E2F5691628E5CCDC0039BE37 /* FirebaseStorageCombine-Community */; };
		E2F5691928E5CE170039BE37 /* GoogleService-Info.plist in Resources */ = {isa = PBXBuildFile; fileRef = E2F5691828E5CE170039BE37 /* GoogleService-Info.plist */; };
		E2FA41A128F4752D00BBA354 /* DiaryCollectionViewCell.swift in Sources */ = {isa = PBXBuildFile; fileRef = E2FA41A028F4752D00BBA354 /* DiaryCollectionViewCell.swift */; };
		E2FA41A328F48C1B00BBA354 /* DiaryCell.swift in Sources */ = {isa = PBXBuildFile; fileRef = E2FA41A228F48C1B00BBA354 /* DiaryCell.swift */; };
		E2FA41A528F496D100BBA354 /* UIImageView+.swift in Sources */ = {isa = PBXBuildFile; fileRef = E2FA41A428F496D100BBA354 /* UIImageView+.swift */; };
		E2FA41B028F6A89900BBA354 /* MapView.swift in Sources */ = {isa = PBXBuildFile; fileRef = E2FA41AF28F6A89900BBA354 /* MapView.swift */; };
/* End PBXBuildFile section */

/* Begin PBXContainerItemProxy section */
		E28F081528E4655200832F4A /* PBXContainerItemProxy */ = {
			isa = PBXContainerItemProxy;
			containerPortal = E28F07F628E4655100832F4A /* Project object */;
			proxyType = 1;
			remoteGlobalIDString = E28F07FD28E4655100832F4A;
			remoteInfo = "MacC-GoldenRatio";
		};
		E28F081F28E4655200832F4A /* PBXContainerItemProxy */ = {
			isa = PBXContainerItemProxy;
			containerPortal = E28F07F628E4655100832F4A /* Project object */;
			proxyType = 1;
			remoteGlobalIDString = E28F07FD28E4655100832F4A;
			remoteInfo = "MacC-GoldenRatio";
		};
/* End PBXContainerItemProxy section */

/* Begin PBXCopyFilesBuildPhase section */
		E2F568FE28E57D1E0039BE37 /* Embed Frameworks */ = {
			isa = PBXCopyFilesBuildPhase;
			buildActionMask = 2147483647;
			dstPath = "";
			dstSubfolderSpec = 10;
			files = (
			);
			name = "Embed Frameworks";
			runOnlyForDeploymentPostprocessing = 0;
		};
/* End PBXCopyFilesBuildPhase section */

/* Begin PBXFileReference section */
		0A3ED14028F98956000D55D8 /* MyPageViewModel.swift */ = {isa = PBXFileReference; lastKnownFileType = sourcecode.swift; path = MyPageViewModel.swift; sourceTree = "<group>"; };
		0A3ED14328F99F11000D55D8 /* TravelsCollectionViewCell.swift */ = {isa = PBXFileReference; lastKnownFileType = sourcecode.swift; path = TravelsCollectionViewCell.swift; sourceTree = "<group>"; };
		0A3ED14528F99FBF000D55D8 /* SetProfileImageViewController.swift */ = {isa = PBXFileReference; lastKnownFileType = sourcecode.swift; path = SetProfileImageViewController.swift; sourceTree = "<group>"; };
		0A3ED14728FBE6EB000D55D8 /* MyPageViewController.swift */ = {isa = PBXFileReference; fileEncoding = 4; lastKnownFileType = sourcecode.swift; path = MyPageViewController.swift; sourceTree = "<group>"; };
		0A5235AF28F8510C00AC77AC /* UIFont+.swift */ = {isa = PBXFileReference; lastKnownFileType = sourcecode.swift; path = "UIFont+.swift"; sourceTree = "<group>"; };
		0A5235B128F854C200AC77AC /* UIColor+.swift */ = {isa = PBXFileReference; lastKnownFileType = sourcecode.swift; path = "UIColor+.swift"; sourceTree = "<group>"; };
		0A5DC37A28F7F65B00AABED1 /* ImageManager.swift */ = {isa = PBXFileReference; lastKnownFileType = sourcecode.swift; path = ImageManager.swift; sourceTree = "<group>"; };
		0A5E904428E8578400B381B8 /* PageViewController.swift */ = {isa = PBXFileReference; lastKnownFileType = sourcecode.swift; path = PageViewController.swift; sourceTree = "<group>"; };
		0A5E904728E857E200B381B8 /* StickerView.swift */ = {isa = PBXFileReference; lastKnownFileType = sourcecode.swift; path = StickerView.swift; sourceTree = "<group>"; };
		0A5E904928E858C000B381B8 /* StickerContollerView.swift */ = {isa = PBXFileReference; lastKnownFileType = sourcecode.swift; path = StickerContollerView.swift; sourceTree = "<group>"; };
		0A5E904B28E858D200B381B8 /* StickerBorderView.swift */ = {isa = PBXFileReference; lastKnownFileType = sourcecode.swift; path = StickerBorderView.swift; sourceTree = "<group>"; };
		0A5E904E28E9948B00B381B8 /* PageViewModel.swift */ = {isa = PBXFileReference; lastKnownFileType = sourcecode.swift; path = PageViewModel.swift; sourceTree = "<group>"; };
		0A6F107028FBFA7C002FB611 /* MenuTableViewCell.swift */ = {isa = PBXFileReference; lastKnownFileType = sourcecode.swift; path = MenuTableViewCell.swift; sourceTree = "<group>"; };
		0A6F107428FC3782002FB611 /* LicenseViewController.swift */ = {isa = PBXFileReference; lastKnownFileType = sourcecode.swift; path = LicenseViewController.swift; sourceTree = "<group>"; };
		0A6F107C28FC6258002FB611 /* License.txt */ = {isa = PBXFileReference; fileEncoding = 4; lastKnownFileType = text; path = License.txt; sourceTree = "<group>"; };
		0AAB2ACC28EAFD78009FBD96 /* MapSearchViewController.swift */ = {isa = PBXFileReference; lastKnownFileType = sourcecode.swift; path = MapSearchViewController.swift; sourceTree = "<group>"; };
		0AAB2ACE28EAFF52009FBD96 /* TableView+.swift */ = {isa = PBXFileReference; lastKnownFileType = sourcecode.swift; path = "TableView+.swift"; sourceTree = "<group>"; };
		0AAB2AD028EAFF6D009FBD96 /* CollectionView+.swift */ = {isa = PBXFileReference; lastKnownFileType = sourcecode.swift; path = "CollectionView+.swift"; sourceTree = "<group>"; };
		0AAB2AD228EB14A8009FBD96 /* UIView+.swift */ = {isa = PBXFileReference; lastKnownFileType = sourcecode.swift; path = "UIView+.swift"; sourceTree = "<group>"; };
		0AAB2AD428EC1F11009FBD96 /* StickerPickerViewController.swift */ = {isa = PBXFileReference; lastKnownFileType = sourcecode.swift; path = StickerPickerViewController.swift; sourceTree = "<group>"; };
		0AAB2AD928EC8C8D009FBD96 /* StickerPickerCollectionViewCell.swift */ = {isa = PBXFileReference; lastKnownFileType = sourcecode.swift; path = StickerPickerCollectionViewCell.swift; sourceTree = "<group>"; };
		0AAB2ADB28EDA067009FBD96 /* TextStickerView.swift */ = {isa = PBXFileReference; lastKnownFileType = sourcecode.swift; path = TextStickerView.swift; sourceTree = "<group>"; };
		0AAB2ADD28EDA510009FBD96 /* MapStickerView.swift */ = {isa = PBXFileReference; lastKnownFileType = sourcecode.swift; path = MapStickerView.swift; sourceTree = "<group>"; };
		0AAB2ADF28EDA553009FBD96 /* ImageStickerView.swift */ = {isa = PBXFileReference; lastKnownFileType = sourcecode.swift; path = ImageStickerView.swift; sourceTree = "<group>"; };
		0AAB2AE128EDA55D009FBD96 /* StickerStickerView.swift */ = {isa = PBXFileReference; lastKnownFileType = sourcecode.swift; path = StickerStickerView.swift; sourceTree = "<group>"; };
		0AD6FD7D2903054D00939F3D /* MapSearchResultTableViewCell.swift */ = {isa = PBXFileReference; lastKnownFileType = sourcecode.swift; path = MapSearchResultTableViewCell.swift; sourceTree = "<group>"; };
		0AE27F2428F442B100D79208 /* FirebaseStorage.swift */ = {isa = PBXFileReference; lastKnownFileType = sourcecode.swift; path = FirebaseStorage.swift; sourceTree = "<group>"; };
		0AE94ABB291182090051A710 /* ErrorMessage.swift */ = {isa = PBXFileReference; lastKnownFileType = sourcecode.swift; path = ErrorMessage.swift; sourceTree = "<group>"; };
		0AEC53EB28EF211D001B0169 /* StickerViewData.swift */ = {isa = PBXFileReference; lastKnownFileType = sourcecode.swift; path = StickerViewData.swift; sourceTree = "<group>"; };
		B93EC22828F7BC8000BB89C5 /* String+.swift */ = {isa = PBXFileReference; lastKnownFileType = sourcecode.swift; path = "String+.swift"; sourceTree = "<group>"; };
		CC0F434328F71E62003060D5 /* DiaryConfigViewModel.swift */ = {isa = PBXFileReference; lastKnownFileType = sourcecode.swift; path = DiaryConfigViewModel.swift; sourceTree = "<group>"; };
		CC341405291930F800A1FD17 /* DiaryColorCell.swift */ = {isa = PBXFileReference; lastKnownFileType = sourcecode.swift; path = DiaryColorCell.swift; sourceTree = "<group>"; };
		CC3414072919310700A1FD17 /* DiaryColorCellViewModel.swift */ = {isa = PBXFileReference; lastKnownFileType = sourcecode.swift; path = DiaryColorCellViewModel.swift; sourceTree = "<group>"; };
		CC34140929193C0A00A1FD17 /* DiaryColorCollectionView.swift */ = {isa = PBXFileReference; lastKnownFileType = sourcecode.swift; path = DiaryColorCollectionView.swift; sourceTree = "<group>"; };
		CC34140B29193E6E00A1FD17 /* DiaryColorCollectionViewModel.swift */ = {isa = PBXFileReference; lastKnownFileType = sourcecode.swift; path = DiaryColorCollectionViewModel.swift; sourceTree = "<group>"; };
		CC40BC1328EEADD100DF48E1 /* CalendarPickerViewController.swift */ = {isa = PBXFileReference; lastKnownFileType = sourcecode.swift; path = CalendarPickerViewController.swift; sourceTree = "<group>"; };
		CC40BC1528EEADEB00DF48E1 /* CalendarPickerFooterView.swift */ = {isa = PBXFileReference; lastKnownFileType = sourcecode.swift; path = CalendarPickerFooterView.swift; sourceTree = "<group>"; };
		CC40BC1728EEADFD00DF48E1 /* CalendarPickerHeaderView.swift */ = {isa = PBXFileReference; lastKnownFileType = sourcecode.swift; path = CalendarPickerHeaderView.swift; sourceTree = "<group>"; };
		CC40BC1928EEAE2400DF48E1 /* CalendarDateCollectionViewCell.swift */ = {isa = PBXFileReference; lastKnownFileType = sourcecode.swift; path = CalendarDateCollectionViewCell.swift; sourceTree = "<group>"; };
		CC40BC1B28EEAEB200DF48E1 /* Day.swift */ = {isa = PBXFileReference; lastKnownFileType = sourcecode.swift; path = Day.swift; sourceTree = "<group>"; };
		CC40BC1D28EEAEDA00DF48E1 /* MonthMetadata.swift */ = {isa = PBXFileReference; lastKnownFileType = sourcecode.swift; path = MonthMetadata.swift; sourceTree = "<group>"; };
		CC65514628EEBF7C00E637A2 /* Date+.swift */ = {isa = PBXFileReference; lastKnownFileType = sourcecode.swift; path = "Date+.swift"; sourceTree = "<group>"; };
		CC65514F28F0874800E637A2 /* MyDiaryPagesViewController.swift */ = {isa = PBXFileReference; lastKnownFileType = sourcecode.swift; path = MyDiaryPagesViewController.swift; sourceTree = "<group>"; };
		CC65515128F0877900E637A2 /* MyDiaryPagesViewCollectionViewCell.swift */ = {isa = PBXFileReference; lastKnownFileType = sourcecode.swift; path = MyDiaryPagesViewCollectionViewCell.swift; sourceTree = "<group>"; };
		CC65515728F544ED00E637A2 /* PopUpViewController.swift */ = {isa = PBXFileReference; lastKnownFileType = sourcecode.swift; path = PopUpViewController.swift; sourceTree = "<group>"; };
		CC6BD73728E9790C001ED665 /* MacC-GoldenRatio.entitlements */ = {isa = PBXFileReference; lastKnownFileType = text.plist.entitlements; path = "MacC-GoldenRatio.entitlements"; sourceTree = "<group>"; };
		CC6BD74328EBFA80001ED665 /* DiaryConfigViewController.swift */ = {isa = PBXFileReference; lastKnownFileType = sourcecode.swift; path = DiaryConfigViewController.swift; sourceTree = "<group>"; };
		CC6BD74528EC18B8001ED665 /* DiaryConfigCollectionViewCell.swift */ = {isa = PBXFileReference; lastKnownFileType = sourcecode.swift; path = DiaryConfigCollectionViewCell.swift; sourceTree = "<group>"; };
		CC9F969528F7E0B100E4B68A /* MyDiaryPagesViewModel.swift */ = {isa = PBXFileReference; lastKnownFileType = sourcecode.swift; path = MyDiaryPagesViewModel.swift; sourceTree = "<group>"; };
		CCD6D58B29135A7300013367 /* DiaryConfigCellViewModel.swift */ = {isa = PBXFileReference; lastKnownFileType = sourcecode.swift; path = DiaryConfigCellViewModel.swift; sourceTree = "<group>"; };
		CCD6D58D2914F6C600013367 /* DiaryConfigModel.swift */ = {isa = PBXFileReference; lastKnownFileType = sourcecode.swift; path = DiaryConfigModel.swift; sourceTree = "<group>"; };
		CCE1806E28E5919B00AF06DB /* SignInViewController.swift */ = {isa = PBXFileReference; lastKnownFileType = sourcecode.swift; path = SignInViewController.swift; sourceTree = "<group>"; };
		E21342D828F6B0660048D9CF /* FirebaseClient.swift */ = {isa = PBXFileReference; fileEncoding = 4; lastKnownFileType = sourcecode.swift; path = FirebaseClient.swift; sourceTree = "<group>"; };
		E21342DA28F6B07F0048D9CF /* EF_Diary.ttf */ = {isa = PBXFileReference; lastKnownFileType = file; path = EF_Diary.ttf; sourceTree = "<group>"; };
		E21342DC28F6B2740048D9CF /* HalfModalPresentationController.swift */ = {isa = PBXFileReference; fileEncoding = 4; lastKnownFileType = sourcecode.swift; path = HalfModalPresentationController.swift; sourceTree = "<group>"; };
		E21342DE28F6B31D0048D9CF /* MyHomeViewController.swift */ = {isa = PBXFileReference; fileEncoding = 4; lastKnownFileType = sourcecode.swift; path = MyHomeViewController.swift; sourceTree = "<group>"; };
		E21342E028F6B6940048D9CF /* MyPlaceViewModel.swift */ = {isa = PBXFileReference; lastKnownFileType = sourcecode.swift; path = MyPlaceViewModel.swift; sourceTree = "<group>"; };
		E21342E228F6B6BC0048D9CF /* MapData.swift */ = {isa = PBXFileReference; lastKnownFileType = sourcecode.swift; path = MapData.swift; sourceTree = "<group>"; };
		E265C80F2914E9A4003380A5 /* HomeButtonView.swift */ = {isa = PBXFileReference; lastKnownFileType = sourcecode.swift; path = HomeButtonView.swift; sourceTree = "<group>"; };
		E26F0DB12916B33900B040C9 /* CollectionEmptyView.swift */ = {isa = PBXFileReference; lastKnownFileType = sourcecode.swift; path = CollectionEmptyView.swift; sourceTree = "<group>"; };
		E27469AA29199DAD00BC906A /* PhotoCollectionView.swift */ = {isa = PBXFileReference; lastKnownFileType = sourcecode.swift; path = PhotoCollectionView.swift; sourceTree = "<group>"; };
		E276B91B28E46AE900163833 /* User.swift */ = {isa = PBXFileReference; lastKnownFileType = sourcecode.swift; path = User.swift; sourceTree = "<group>"; };
		E276B91D28E46B3700163833 /* DiaryModel.swift */ = {isa = PBXFileReference; lastKnownFileType = sourcecode.swift; path = DiaryModel.swift; sourceTree = "<group>"; };
		E276B91F28E4812E00163833 /* UIScreen+.swift */ = {isa = PBXFileReference; lastKnownFileType = sourcecode.swift; path = "UIScreen+.swift"; sourceTree = "<group>"; };
		E28F07FE28E4655100832F4A /* MacC-GoldenRatio.app */ = {isa = PBXFileReference; explicitFileType = wrapper.application; includeInIndex = 0; path = "MacC-GoldenRatio.app"; sourceTree = BUILT_PRODUCTS_DIR; };
		E28F080128E4655100832F4A /* AppDelegate.swift */ = {isa = PBXFileReference; lastKnownFileType = sourcecode.swift; path = AppDelegate.swift; sourceTree = "<group>"; };
		E28F080328E4655100832F4A /* SceneDelegate.swift */ = {isa = PBXFileReference; lastKnownFileType = sourcecode.swift; path = SceneDelegate.swift; sourceTree = "<group>"; };
		E28F080528E4655100832F4A /* ViewController.swift */ = {isa = PBXFileReference; lastKnownFileType = sourcecode.swift; path = ViewController.swift; sourceTree = "<group>"; };
		E28F080A28E4655200832F4A /* Assets.xcassets */ = {isa = PBXFileReference; lastKnownFileType = folder.assetcatalog; path = Assets.xcassets; sourceTree = "<group>"; };
		E28F080D28E4655200832F4A /* Base */ = {isa = PBXFileReference; lastKnownFileType = file.storyboard; name = Base; path = Base.lproj/LaunchScreen.storyboard; sourceTree = "<group>"; };
		E28F080F28E4655200832F4A /* Info.plist */ = {isa = PBXFileReference; lastKnownFileType = text.plist.xml; path = Info.plist; sourceTree = "<group>"; };
		E28F081428E4655200832F4A /* MacC-GoldenRatioTests.xctest */ = {isa = PBXFileReference; explicitFileType = wrapper.cfbundle; includeInIndex = 0; path = "MacC-GoldenRatioTests.xctest"; sourceTree = BUILT_PRODUCTS_DIR; };
		E28F081828E4655200832F4A /* MacC_GoldenRatioTests.swift */ = {isa = PBXFileReference; lastKnownFileType = sourcecode.swift; path = MacC_GoldenRatioTests.swift; sourceTree = "<group>"; };
		E28F081E28E4655200832F4A /* MacC-GoldenRatioUITests.xctest */ = {isa = PBXFileReference; explicitFileType = wrapper.cfbundle; includeInIndex = 0; path = "MacC-GoldenRatioUITests.xctest"; sourceTree = BUILT_PRODUCTS_DIR; };
		E28F082228E4655200832F4A /* MacC_GoldenRatioUITests.swift */ = {isa = PBXFileReference; lastKnownFileType = sourcecode.swift; path = MacC_GoldenRatioUITests.swift; sourceTree = "<group>"; };
		E28F082428E4655200832F4A /* MacC_GoldenRatioUITestsLaunchTests.swift */ = {isa = PBXFileReference; lastKnownFileType = sourcecode.swift; path = MacC_GoldenRatioUITestsLaunchTests.swift; sourceTree = "<group>"; };
		E2993A6529195AD600409C9B /* AlbumCollectionView.swift */ = {isa = PBXFileReference; lastKnownFileType = sourcecode.swift; path = AlbumCollectionView.swift; sourceTree = "<group>"; };
		E2993A6729195B9400409C9B /* AlbumCollectionViewModel.swift */ = {isa = PBXFileReference; lastKnownFileType = sourcecode.swift; path = AlbumCollectionViewModel.swift; sourceTree = "<group>"; };
		E2B025BB28EB326C00B73891 /* MyHomeViewModel.swift */ = {isa = PBXFileReference; lastKnownFileType = sourcecode.swift; path = MyHomeViewModel.swift; sourceTree = "<group>"; };
		E2B025C628EC163500B73891 /* FirestoreClient.swift */ = {isa = PBXFileReference; lastKnownFileType = sourcecode.swift; path = FirestoreClient.swift; sourceTree = "<group>"; };
		E2BEC45D28F806C40056E755 /* MyAlbumViewModel.swift */ = {isa = PBXFileReference; lastKnownFileType = sourcecode.swift; path = MyAlbumViewModel.swift; sourceTree = "<group>"; };
		E2BEC45F28F806F80056E755 /* AlbumData.swift */ = {isa = PBXFileReference; lastKnownFileType = sourcecode.swift; path = AlbumData.swift; sourceTree = "<group>"; };
		E2BEC46228F82DC30056E755 /* MyAlbumTitleCollectionViewCell.swift */ = {isa = PBXFileReference; lastKnownFileType = sourcecode.swift; path = MyAlbumTitleCollectionViewCell.swift; sourceTree = "<group>"; };
		E2C27501290D62EB00319885 /* DiaryCollectionViewModel.swift */ = {isa = PBXFileReference; lastKnownFileType = sourcecode.swift; path = DiaryCollectionViewModel.swift; sourceTree = "<group>"; };
		E2C2750A290D950400319885 /* DiaryCollectionView.swift */ = {isa = PBXFileReference; lastKnownFileType = sourcecode.swift; path = DiaryCollectionView.swift; sourceTree = "<group>"; };
		E2C2A76B28F97DB900D48F8F /* LoadingIndicator.swift */ = {isa = PBXFileReference; lastKnownFileType = sourcecode.swift; path = LoadingIndicator.swift; sourceTree = "<group>"; };
		E2CCF30028F74450008A12F9 /* CustomAnnotationView.swift */ = {isa = PBXFileReference; lastKnownFileType = sourcecode.swift; path = CustomAnnotationView.swift; sourceTree = "<group>"; };
		E2CCF30228F7534E008A12F9 /* CustomClusterAnnotationView.swift */ = {isa = PBXFileReference; lastKnownFileType = sourcecode.swift; path = CustomClusterAnnotationView.swift; sourceTree = "<group>"; };
		E2DA8F5F28F842310098DD94 /* MyAlbumCollectionViewCell.swift */ = {isa = PBXFileReference; lastKnownFileType = sourcecode.swift; path = MyAlbumCollectionViewCell.swift; sourceTree = "<group>"; };
		E2DA8F6128F856A10098DD94 /* MyAlbumPhotoViewController.swift */ = {isa = PBXFileReference; lastKnownFileType = sourcecode.swift; path = MyAlbumPhotoViewController.swift; sourceTree = "<group>"; };
		E2DA8F6328F857D80098DD94 /* MyAlbumPhotoCollectionViewCell.swift */ = {isa = PBXFileReference; lastKnownFileType = sourcecode.swift; path = MyAlbumPhotoCollectionViewCell.swift; sourceTree = "<group>"; };
		E2E544302916D91400E611D0 /* DiarySection.swift */ = {isa = PBXFileReference; lastKnownFileType = sourcecode.swift; path = DiarySection.swift; sourceTree = "<group>"; };
		E2EA7F0728E56CF600AC1C49 /* MyPlaceViewController.swift */ = {isa = PBXFileReference; lastKnownFileType = sourcecode.swift; path = MyPlaceViewController.swift; sourceTree = "<group>"; };
		E2EA7F1528E5711E00AC1C49 /* DiaryCollectionHeaderView.swift */ = {isa = PBXFileReference; lastKnownFileType = sourcecode.swift; path = DiaryCollectionHeaderView.swift; sourceTree = "<group>"; };
		E2ED4871290ABE46002FEC2B /* Notification+.swift */ = {isa = PBXFileReference; lastKnownFileType = sourcecode.swift; path = "Notification+.swift"; sourceTree = "<group>"; };
		E2F5691828E5CE170039BE37 /* GoogleService-Info.plist */ = {isa = PBXFileReference; fileEncoding = 4; lastKnownFileType = text.plist.xml; path = "GoogleService-Info.plist"; sourceTree = "<group>"; };
		E2FA41A028F4752D00BBA354 /* DiaryCollectionViewCell.swift */ = {isa = PBXFileReference; fileEncoding = 4; lastKnownFileType = sourcecode.swift; path = DiaryCollectionViewCell.swift; sourceTree = "<group>"; };
		E2FA41A228F48C1B00BBA354 /* DiaryCell.swift */ = {isa = PBXFileReference; lastKnownFileType = sourcecode.swift; path = DiaryCell.swift; sourceTree = "<group>"; };
		E2FA41A428F496D100BBA354 /* UIImageView+.swift */ = {isa = PBXFileReference; lastKnownFileType = sourcecode.swift; path = "UIImageView+.swift"; sourceTree = "<group>"; };
		E2FA41AF28F6A89900BBA354 /* MapView.swift */ = {isa = PBXFileReference; lastKnownFileType = sourcecode.swift; path = MapView.swift; sourceTree = "<group>"; };
/* End PBXFileReference section */

/* Begin PBXFrameworksBuildPhase section */
		E28F07FB28E4655100832F4A /* Frameworks */ = {
			isa = PBXFrameworksBuildPhase;
			buildActionMask = 2147483647;
			files = (
				E25753BF28ED9E0600023619 /* Kingfisher in Frameworks */,
				E2E5442F2916C24600E611D0 /* RxDataSources in Frameworks */,
				E2F5690F28E5CCDC0039BE37 /* FirebaseDatabaseSwift in Frameworks */,
				E2C8FA26291432B4009C58C9 /* RxCocoa in Frameworks */,
				E2F5690328E57E7B0039BE37 /* SnapKit in Frameworks */,
				E2F5690B28E5CCDC0039BE37 /* FirebaseAuthCombine-Community in Frameworks */,
				E2F5690D28E5CCDC0039BE37 /* FirebaseDatabase in Frameworks */,
				E2C8FA28291432B4009C58C9 /* RxSwift in Frameworks */,
				E2F5690928E5CCDC0039BE37 /* FirebaseAuth in Frameworks */,
				E2F5691528E5CCDC0039BE37 /* FirebaseStorage in Frameworks */,
				E2F5691128E5CCDC0039BE37 /* FirebaseFirestore in Frameworks */,
				E2F5691728E5CCDC0039BE37 /* FirebaseStorageCombine-Community in Frameworks */,
				E2F5691328E5CCDC0039BE37 /* FirebaseFirestoreCombine-Community in Frameworks */,
			);
			runOnlyForDeploymentPostprocessing = 0;
		};
		E28F081128E4655200832F4A /* Frameworks */ = {
			isa = PBXFrameworksBuildPhase;
			buildActionMask = 2147483647;
			files = (
			);
			runOnlyForDeploymentPostprocessing = 0;
		};
		E28F081B28E4655200832F4A /* Frameworks */ = {
			isa = PBXFrameworksBuildPhase;
			buildActionMask = 2147483647;
			files = (
			);
			runOnlyForDeploymentPostprocessing = 0;
		};
/* End PBXFrameworksBuildPhase section */

/* Begin PBXGroup section */
		0A3ED13F28F937EB000D55D8 /* MyPageViewControllers */ = {
			isa = PBXGroup;
			children = (
				0A3ED14728FBE6EB000D55D8 /* MyPageViewController.swift */,
				0A3ED14528F99FBF000D55D8 /* SetProfileImageViewController.swift */,
				0A6F107428FC3782002FB611 /* LicenseViewController.swift */,
			);
			path = MyPageViewControllers;
			sourceTree = "<group>";
		};
		0A3ED14228F99EEF000D55D8 /* MyPage */ = {
			isa = PBXGroup;
			children = (
				0A3ED14328F99F11000D55D8 /* TravelsCollectionViewCell.swift */,
				0A6F107028FBFA7C002FB611 /* MenuTableViewCell.swift */,
			);
			path = MyPage;
			sourceTree = "<group>";
		};
		0A5E904328E8575C00B381B8 /* Page */ = {
			isa = PBXGroup;
			children = (
				0A5E904428E8578400B381B8 /* PageViewController.swift */,
				0AAB2ACC28EAFD78009FBD96 /* MapSearchViewController.swift */,
				0AAB2AD428EC1F11009FBD96 /* StickerPickerViewController.swift */,
			);
			path = Page;
			sourceTree = "<group>";
		};
		0A5E904628E857BB00B381B8 /* Sticker */ = {
			isa = PBXGroup;
			children = (
				0A5E904728E857E200B381B8 /* StickerView.swift */,
				0AEC53EB28EF211D001B0169 /* StickerViewData.swift */,
				0A5E904928E858C000B381B8 /* StickerContollerView.swift */,
				0A5E904B28E858D200B381B8 /* StickerBorderView.swift */,
				0AAB2ADD28EDA510009FBD96 /* MapStickerView.swift */,
				0AAB2ADF28EDA553009FBD96 /* ImageStickerView.swift */,
				0AAB2AE128EDA55D009FBD96 /* StickerStickerView.swift */,
				0AAB2ADB28EDA067009FBD96 /* TextStickerView.swift */,
			);
			path = Sticker;
			sourceTree = "<group>";
		};
		0A5E904D28E9947800B381B8 /* ViewModels */ = {
			isa = PBXGroup;
			children = (
				0A5E904E28E9948B00B381B8 /* PageViewModel.swift */,
				E2B025BB28EB326C00B73891 /* MyHomeViewModel.swift */,
				E21342E028F6B6940048D9CF /* MyPlaceViewModel.swift */,
				0A3ED14028F98956000D55D8 /* MyPageViewModel.swift */,
				E2BEC45D28F806C40056E755 /* MyAlbumViewModel.swift */,
				E2C27501290D62EB00319885 /* DiaryCollectionViewModel.swift */,
				E2993A6729195B9400409C9B /* AlbumCollectionViewModel.swift */,
			);
			path = ViewModels;
			sourceTree = "<group>";
		};
		0AAB2AD828EC8C69009FBD96 /* Page */ = {
			isa = PBXGroup;
			children = (
				0AAB2AD928EC8C8D009FBD96 /* StickerPickerCollectionViewCell.swift */,
				0AD6FD7D2903054D00939F3D /* MapSearchResultTableViewCell.swift */,
			);
			path = Page;
			sourceTree = "<group>";
		};
		8E295A9128EC2CD400127D41 /* Fonts */ = {
			isa = PBXGroup;
			children = (
				E21342DA28F6B07F0048D9CF /* EF_Diary.ttf */,
			);
			path = Fonts;
			sourceTree = "<group>";
		};
		CC3414032919309B00A1FD17 /* CalendarView */ = {
			isa = PBXGroup;
			children = (
				CC40BC1328EEADD100DF48E1 /* CalendarPickerViewController.swift */,
				CC40BC1528EEADEB00DF48E1 /* CalendarPickerFooterView.swift */,
				CC40BC1728EEADFD00DF48E1 /* CalendarPickerHeaderView.swift */,
				CC40BC1928EEAE2400DF48E1 /* CalendarDateCollectionViewCell.swift */,
				CC40BC1B28EEAEB200DF48E1 /* Day.swift */,
				CC40BC1D28EEAEDA00DF48E1 /* MonthMetadata.swift */,
			);
			path = CalendarView;
			sourceTree = "<group>";
		};
		CC341404291930BE00A1FD17 /* DiaryColorCollectionView */ = {
			isa = PBXGroup;
			children = (
				CC34140929193C0A00A1FD17 /* DiaryColorCollectionView.swift */,
				CC34140B29193E6E00A1FD17 /* DiaryColorCollectionViewModel.swift */,
				CC341405291930F800A1FD17 /* DiaryColorCell.swift */,
				CC3414072919310700A1FD17 /* DiaryColorCellViewModel.swift */,
			);
			path = DiaryColorCollectionView;
			sourceTree = "<group>";
		};
		CC3FEA222906CDAA005EE514 /* DiaryConfig */ = {
			isa = PBXGroup;
			children = (
				CC6BD74528EC18B8001ED665 /* DiaryConfigCollectionViewCell.swift */,
				CCD6D58B29135A7300013367 /* DiaryConfigCellViewModel.swift */,
			);
			path = DiaryConfig;
			sourceTree = "<group>";
		};
		CC65514E28F086D900E637A2 /* MyDiaryPages */ = {
			isa = PBXGroup;
			children = (
				CC65514F28F0874800E637A2 /* MyDiaryPagesViewController.swift */,
				CC65515128F0877900E637A2 /* MyDiaryPagesViewCollectionViewCell.swift */,
				CC9F969528F7E0B100E4B68A /* MyDiaryPagesViewModel.swift */,
				CC65515728F544ED00E637A2 /* PopUpViewController.swift */,
			);
			path = MyDiaryPages;
			sourceTree = "<group>";
		};
		CC6BD74228EBFA6C001ED665 /* DiaryConfig */ = {
			isa = PBXGroup;
			children = (
				CC6BD74328EBFA80001ED665 /* DiaryConfigViewController.swift */,
				CC0F434328F71E62003060D5 /* DiaryConfigViewModel.swift */,
				CCD6D58D2914F6C600013367 /* DiaryConfigModel.swift */,
				CC341404291930BE00A1FD17 /* DiaryColorCollectionView */,
				CC3414032919309B00A1FD17 /* CalendarView */,
			);
			path = DiaryConfig;
			sourceTree = "<group>";
		};
		CCE1806D28E5917A00AF06DB /* SignIn */ = {
			isa = PBXGroup;
			children = (
				CCE1806E28E5919B00AF06DB /* SignInViewController.swift */,
			);
			path = SignIn;
			sourceTree = "<group>";
		};
		E25753B928ED8C0600023619 /* MyHome */ = {
			isa = PBXGroup;
			children = (
				E2EA7F1528E5711E00AC1C49 /* DiaryCollectionHeaderView.swift */,
				E2C2750A290D950400319885 /* DiaryCollectionView.swift */,
				E265C80F2914E9A4003380A5 /* HomeButtonView.swift */,
				E26F0DB12916B33900B040C9 /* CollectionEmptyView.swift */,
			);
			path = MyHome;
			sourceTree = "<group>";
		};
		E25753BC28ED8E3B00023619 /* MyHome */ = {
			isa = PBXGroup;
			children = (
				E2FA41A028F4752D00BBA354 /* DiaryCollectionViewCell.swift */,
			);
			path = MyHome;
			sourceTree = "<group>";
		};
		E276B91328E468D700163833 /* Sources */ = {
			isa = PBXGroup;
			children = (
				E2EA7F1428E570F100AC1C49 /* Views */,
				E276B91A28E4697E00163833 /* ViewControllers */,
				E276B91928E4697900163833 /* Models */,
				E276B91828E4693100163833 /* Extensions */,
				E276B91728E4692B00163833 /* Cells */,
				E276B91628E4692500163833 /* Classes */,
			);
			path = Sources;
			sourceTree = "<group>";
		};
		E276B91428E468E900163833 /* Resources */ = {
			isa = PBXGroup;
			children = (
				8E295A9128EC2CD400127D41 /* Fonts */,
				E28F080128E4655100832F4A /* AppDelegate.swift */,
				E28F080328E4655100832F4A /* SceneDelegate.swift */,
				E2F5691828E5CE170039BE37 /* GoogleService-Info.plist */,
			);
			path = Resources;
			sourceTree = "<group>";
		};
		E276B91628E4692500163833 /* Classes */ = {
			isa = PBXGroup;
			children = (
				E21342D828F6B0660048D9CF /* FirebaseClient.swift */,
				E2B025C628EC163500B73891 /* FirestoreClient.swift */,
				0AE27F2428F442B100D79208 /* FirebaseStorage.swift */,
				E21342DC28F6B2740048D9CF /* HalfModalPresentationController.swift */,
				0A5DC37A28F7F65B00AABED1 /* ImageManager.swift */,
				E2C2A76B28F97DB900D48F8F /* LoadingIndicator.swift */,
			);
			path = Classes;
			sourceTree = "<group>";
		};
		E276B91728E4692B00163833 /* Cells */ = {
			isa = PBXGroup;
			children = (
				CC3FEA222906CDAA005EE514 /* DiaryConfig */,
				0A3ED14228F99EEF000D55D8 /* MyPage */,
				E2BEC46128F82DAB0056E755 /* MyAlbum */,
				E25753BC28ED8E3B00023619 /* MyHome */,
				0AAB2AD828EC8C69009FBD96 /* Page */,
			);
			path = Cells;
			sourceTree = "<group>";
		};
		E276B91828E4693100163833 /* Extensions */ = {
			isa = PBXGroup;
			children = (
				E276B91F28E4812E00163833 /* UIScreen+.swift */,
				0AAB2ACE28EAFF52009FBD96 /* TableView+.swift */,
				0AAB2AD028EAFF6D009FBD96 /* CollectionView+.swift */,
				0AAB2AD228EB14A8009FBD96 /* UIView+.swift */,
				CC65514628EEBF7C00E637A2 /* Date+.swift */,
				E2FA41A428F496D100BBA354 /* UIImageView+.swift */,
				B93EC22828F7BC8000BB89C5 /* String+.swift */,
				0A5235AF28F8510C00AC77AC /* UIFont+.swift */,
				0A5235B128F854C200AC77AC /* UIColor+.swift */,
				E2ED4871290ABE46002FEC2B /* Notification+.swift */,
			);
			path = Extensions;
			sourceTree = "<group>";
		};
		E276B91928E4697900163833 /* Models */ = {
			isa = PBXGroup;
			children = (
				0A5E904D28E9947800B381B8 /* ViewModels */,
				E276B91B28E46AE900163833 /* User.swift */,
				E276B91D28E46B3700163833 /* DiaryModel.swift */,
				E2FA41A228F48C1B00BBA354 /* DiaryCell.swift */,
				E21342E228F6B6BC0048D9CF /* MapData.swift */,
				E2BEC45F28F806F80056E755 /* AlbumData.swift */,
				0AE94ABB291182090051A710 /* ErrorMessage.swift */,
				E2E544302916D91400E611D0 /* DiarySection.swift */,
			);
			path = Models;
			sourceTree = "<group>";
		};
		E276B91A28E4697E00163833 /* ViewControllers */ = {
			isa = PBXGroup;
			children = (
				0A3ED13F28F937EB000D55D8 /* MyPageViewControllers */,
				CC65514E28F086D900E637A2 /* MyDiaryPages */,
				CC6BD74228EBFA6C001ED665 /* DiaryConfig */,
				0A5E904328E8575C00B381B8 /* Page */,
				CCE1806D28E5917A00AF06DB /* SignIn */,
				E2EA7F0428E56BD700AC1C49 /* Main */,
				E28F080528E4655100832F4A /* ViewController.swift */,
			);
			path = ViewControllers;
			sourceTree = "<group>";
		};
		E28F07F528E4655100832F4A = {
			isa = PBXGroup;
			children = (
				E28F080028E4655100832F4A /* MacC-GoldenRatio */,
				E28F081728E4655200832F4A /* MacC-GoldenRatioTests */,
				E28F082128E4655200832F4A /* MacC-GoldenRatioUITests */,
				E28F07FF28E4655100832F4A /* Products */,
			);
			sourceTree = "<group>";
		};
		E28F07FF28E4655100832F4A /* Products */ = {
			isa = PBXGroup;
			children = (
				E28F07FE28E4655100832F4A /* MacC-GoldenRatio.app */,
				E28F081428E4655200832F4A /* MacC-GoldenRatioTests.xctest */,
				E28F081E28E4655200832F4A /* MacC-GoldenRatioUITests.xctest */,
			);
			name = Products;
			sourceTree = "<group>";
		};
		E28F080028E4655100832F4A /* MacC-GoldenRatio */ = {
			isa = PBXGroup;
			children = (
				CC6BD73728E9790C001ED665 /* MacC-GoldenRatio.entitlements */,
				E276B91428E468E900163833 /* Resources */,
				E276B91328E468D700163833 /* Sources */,
				E28F080A28E4655200832F4A /* Assets.xcassets */,
				E28F080C28E4655200832F4A /* LaunchScreen.storyboard */,
				E28F080F28E4655200832F4A /* Info.plist */,
				0A6F107C28FC6258002FB611 /* License.txt */,
			);
			path = "MacC-GoldenRatio";
			sourceTree = "<group>";
		};
		E28F081728E4655200832F4A /* MacC-GoldenRatioTests */ = {
			isa = PBXGroup;
			children = (
				E28F081828E4655200832F4A /* MacC_GoldenRatioTests.swift */,
			);
			path = "MacC-GoldenRatioTests";
			sourceTree = "<group>";
		};
		E28F082128E4655200832F4A /* MacC-GoldenRatioUITests */ = {
			isa = PBXGroup;
			children = (
				E28F082228E4655200832F4A /* MacC_GoldenRatioUITests.swift */,
				E28F082428E4655200832F4A /* MacC_GoldenRatioUITestsLaunchTests.swift */,
			);
			path = "MacC-GoldenRatioUITests";
			sourceTree = "<group>";
		};
		E2993A6429195ABE00409C9B /* Album */ = {
			isa = PBXGroup;
			children = (
				E2993A6529195AD600409C9B /* AlbumCollectionView.swift */,
				E27469AA29199DAD00BC906A /* PhotoCollectionView.swift */,
			);
			path = Album;
			sourceTree = "<group>";
		};
		E2BEC46128F82DAB0056E755 /* MyAlbum */ = {
			isa = PBXGroup;
			children = (
				E2BEC46228F82DC30056E755 /* MyAlbumTitleCollectionViewCell.swift */,
				E2DA8F5F28F842310098DD94 /* MyAlbumCollectionViewCell.swift */,
				E2DA8F6328F857D80098DD94 /* MyAlbumPhotoCollectionViewCell.swift */,
			);
			path = MyAlbum;
			sourceTree = "<group>";
		};
		E2EA7F0428E56BD700AC1C49 /* Main */ = {
			isa = PBXGroup;
			children = (
				E21342DE28F6B31D0048D9CF /* MyHomeViewController.swift */,
				E2EA7F0728E56CF600AC1C49 /* MyPlaceViewController.swift */,
				E2DA8F6128F856A10098DD94 /* MyAlbumPhotoViewController.swift */,
			);
			path = Main;
			sourceTree = "<group>";
		};
		E2EA7F1428E570F100AC1C49 /* Views */ = {
			isa = PBXGroup;
			children = (
				E2993A6429195ABE00409C9B /* Album */,
				E2FA41AE28F6A89000BBA354 /* Place */,
				E25753B928ED8C0600023619 /* MyHome */,
				0A5E904628E857BB00B381B8 /* Sticker */,
			);
			path = Views;
			sourceTree = "<group>";
		};
		E2FA41AE28F6A89000BBA354 /* Place */ = {
			isa = PBXGroup;
			children = (
				E2FA41AF28F6A89900BBA354 /* MapView.swift */,
				E2CCF30028F74450008A12F9 /* CustomAnnotationView.swift */,
				E2CCF30228F7534E008A12F9 /* CustomClusterAnnotationView.swift */,
			);
			path = Place;
			sourceTree = "<group>";
		};
/* End PBXGroup section */

/* Begin PBXNativeTarget section */
		E28F07FD28E4655100832F4A /* MacC-GoldenRatio */ = {
			isa = PBXNativeTarget;
			buildConfigurationList = E28F082828E4655200832F4A /* Build configuration list for PBXNativeTarget "MacC-GoldenRatio" */;
			buildPhases = (
				E28F07FA28E4655100832F4A /* Sources */,
				E28F07FB28E4655100832F4A /* Frameworks */,
				E28F07FC28E4655100832F4A /* Resources */,
				E2F568FE28E57D1E0039BE37 /* Embed Frameworks */,
			);
			buildRules = (
			);
			dependencies = (
			);
			name = "MacC-GoldenRatio";
			packageProductDependencies = (
				E2F5690228E57E7B0039BE37 /* SnapKit */,
				E2F5690828E5CCDC0039BE37 /* FirebaseAuth */,
				E2F5690A28E5CCDC0039BE37 /* FirebaseAuthCombine-Community */,
				E2F5690C28E5CCDC0039BE37 /* FirebaseDatabase */,
				E2F5690E28E5CCDC0039BE37 /* FirebaseDatabaseSwift */,
				E2F5691028E5CCDC0039BE37 /* FirebaseFirestore */,
				E2F5691228E5CCDC0039BE37 /* FirebaseFirestoreCombine-Community */,
				E2F5691428E5CCDC0039BE37 /* FirebaseStorage */,
				E2F5691628E5CCDC0039BE37 /* FirebaseStorageCombine-Community */,
				E25753BE28ED9E0600023619 /* Kingfisher */,
				E2C8FA25291432B4009C58C9 /* RxCocoa */,
				E2C8FA27291432B4009C58C9 /* RxSwift */,
				E2E5442E2916C24600E611D0 /* RxDataSources */,
			);
			productName = "MacC-GoldenRatio";
			productReference = E28F07FE28E4655100832F4A /* MacC-GoldenRatio.app */;
			productType = "com.apple.product-type.application";
		};
		E28F081328E4655200832F4A /* MacC-GoldenRatioTests */ = {
			isa = PBXNativeTarget;
			buildConfigurationList = E28F082B28E4655200832F4A /* Build configuration list for PBXNativeTarget "MacC-GoldenRatioTests" */;
			buildPhases = (
				E28F081028E4655200832F4A /* Sources */,
				E28F081128E4655200832F4A /* Frameworks */,
				E28F081228E4655200832F4A /* Resources */,
			);
			buildRules = (
			);
			dependencies = (
				E28F081628E4655200832F4A /* PBXTargetDependency */,
			);
			name = "MacC-GoldenRatioTests";
			productName = "MacC-GoldenRatioTests";
			productReference = E28F081428E4655200832F4A /* MacC-GoldenRatioTests.xctest */;
			productType = "com.apple.product-type.bundle.unit-test";
		};
		E28F081D28E4655200832F4A /* MacC-GoldenRatioUITests */ = {
			isa = PBXNativeTarget;
			buildConfigurationList = E28F082E28E4655200832F4A /* Build configuration list for PBXNativeTarget "MacC-GoldenRatioUITests" */;
			buildPhases = (
				E28F081A28E4655200832F4A /* Sources */,
				E28F081B28E4655200832F4A /* Frameworks */,
				E28F081C28E4655200832F4A /* Resources */,
			);
			buildRules = (
			);
			dependencies = (
				E28F082028E4655200832F4A /* PBXTargetDependency */,
			);
			name = "MacC-GoldenRatioUITests";
			productName = "MacC-GoldenRatioUITests";
			productReference = E28F081E28E4655200832F4A /* MacC-GoldenRatioUITests.xctest */;
			productType = "com.apple.product-type.bundle.ui-testing";
		};
/* End PBXNativeTarget section */

/* Begin PBXProject section */
		E28F07F628E4655100832F4A /* Project object */ = {
			isa = PBXProject;
			attributes = {
				BuildIndependentTargetsInParallel = 1;
				LastSwiftUpdateCheck = 1340;
				LastUpgradeCheck = 1340;
				TargetAttributes = {
					E28F07FD28E4655100832F4A = {
						CreatedOnToolsVersion = 13.4.1;
					};
					E28F081328E4655200832F4A = {
						CreatedOnToolsVersion = 13.4.1;
						TestTargetID = E28F07FD28E4655100832F4A;
					};
					E28F081D28E4655200832F4A = {
						CreatedOnToolsVersion = 13.4.1;
						TestTargetID = E28F07FD28E4655100832F4A;
					};
				};
			};
			buildConfigurationList = E28F07F928E4655100832F4A /* Build configuration list for PBXProject "MacC-GoldenRatio" */;
			compatibilityVersion = "Xcode 13.0";
			developmentRegion = en;
			hasScannedForEncodings = 0;
			knownRegions = (
				en,
				Base,
			);
			mainGroup = E28F07F528E4655100832F4A;
			packageReferences = (
				E2F5690128E57E7B0039BE37 /* XCRemoteSwiftPackageReference "SnapKit" */,
				E2F5690728E5CCDC0039BE37 /* XCRemoteSwiftPackageReference "firebase-ios-sdk" */,
				E25753BD28ED9E0600023619 /* XCRemoteSwiftPackageReference "Kingfisher" */,
				E2C8FA24291432B4009C58C9 /* XCRemoteSwiftPackageReference "RxSwift" */,
				E2E5442D2916C24600E611D0 /* XCRemoteSwiftPackageReference "RxDataSources" */,
			);
			productRefGroup = E28F07FF28E4655100832F4A /* Products */;
			projectDirPath = "";
			projectRoot = "";
			targets = (
				E28F07FD28E4655100832F4A /* MacC-GoldenRatio */,
				E28F081328E4655200832F4A /* MacC-GoldenRatioTests */,
				E28F081D28E4655200832F4A /* MacC-GoldenRatioUITests */,
			);
		};
/* End PBXProject section */

/* Begin PBXResourcesBuildPhase section */
		E28F07FC28E4655100832F4A /* Resources */ = {
			isa = PBXResourcesBuildPhase;
			buildActionMask = 2147483647;
			files = (
				E28F080E28E4655200832F4A /* LaunchScreen.storyboard in Resources */,
				0A6F107D28FC6259002FB611 /* License.txt in Resources */,
				E21342DB28F6B0800048D9CF /* EF_Diary.ttf in Resources */,
				E28F080B28E4655200832F4A /* Assets.xcassets in Resources */,
				E2F5691928E5CE170039BE37 /* GoogleService-Info.plist in Resources */,
			);
			runOnlyForDeploymentPostprocessing = 0;
		};
		E28F081228E4655200832F4A /* Resources */ = {
			isa = PBXResourcesBuildPhase;
			buildActionMask = 2147483647;
			files = (
			);
			runOnlyForDeploymentPostprocessing = 0;
		};
		E28F081C28E4655200832F4A /* Resources */ = {
			isa = PBXResourcesBuildPhase;
			buildActionMask = 2147483647;
			files = (
			);
			runOnlyForDeploymentPostprocessing = 0;
		};
/* End PBXResourcesBuildPhase section */

/* Begin PBXSourcesBuildPhase section */
		E28F07FA28E4655100832F4A /* Sources */ = {
			isa = PBXSourcesBuildPhase;
			buildActionMask = 2147483647;
			files = (
				E28F080628E4655100832F4A /* ViewController.swift in Sources */,
				CC40BC1E28EEAEDA00DF48E1 /* MonthMetadata.swift in Sources */,
				0AAB2ADC28EDA067009FBD96 /* TextStickerView.swift in Sources */,
				E21342E328F6B6BC0048D9CF /* MapData.swift in Sources */,
				0AAB2ACD28EAFD78009FBD96 /* MapSearchViewController.swift in Sources */,
				0A5E904528E8578400B381B8 /* PageViewController.swift in Sources */,
				E2FA41A328F48C1B00BBA354 /* DiaryCell.swift in Sources */,
				0AAB2AD528EC1F11009FBD96 /* StickerPickerViewController.swift in Sources */,
				E2BEC45E28F806C40056E755 /* MyAlbumViewModel.swift in Sources */,
				0AAB2AD128EAFF6D009FBD96 /* CollectionView+.swift in Sources */,
				CC341406291930F800A1FD17 /* DiaryColorCell.swift in Sources */,
				E2BEC46028F806F80056E755 /* AlbumData.swift in Sources */,
				CCD6D58E2914F6C600013367 /* DiaryConfigModel.swift in Sources */,
				0AE94ABC291182090051A710 /* ErrorMessage.swift in Sources */,
				E2EA7F0828E56CF600AC1C49 /* MyPlaceViewController.swift in Sources */,
				E2FA41A528F496D100BBA354 /* UIImageView+.swift in Sources */,
				CC0F434428F71E62003060D5 /* DiaryConfigViewModel.swift in Sources */,
				E21342D928F6B0660048D9CF /* FirebaseClient.swift in Sources */,
				E2BEC46328F82DC30056E755 /* MyAlbumTitleCollectionViewCell.swift in Sources */,
				E26F0DB22916B33900B040C9 /* CollectionEmptyView.swift in Sources */,
				E276B92028E4812E00163833 /* UIScreen+.swift in Sources */,
				CC40BC1F28EEB10800DF48E1 /* CalendarPickerViewController.swift in Sources */,
				0A3ED14828FBE6EB000D55D8 /* MyPageViewController.swift in Sources */,
				0A5E904C28E858D200B381B8 /* StickerBorderView.swift in Sources */,
				CC65515028F0874800E637A2 /* MyDiaryPagesViewController.swift in Sources */,
				0AEC53EC28EF211D001B0169 /* StickerViewData.swift in Sources */,
				0A5E904F28E9948B00B381B8 /* PageViewModel.swift in Sources */,
				0AAB2ADE28EDA511009FBD96 /* MapStickerView.swift in Sources */,
				0AAB2AE028EDA553009FBD96 /* ImageStickerView.swift in Sources */,
				E2E544312916D91400E611D0 /* DiarySection.swift in Sources */,
				E2C27502290D62EB00319885 /* DiaryCollectionViewModel.swift in Sources */,
				0A5235B028F8510C00AC77AC /* UIFont+.swift in Sources */,
				0A3ED14128F98956000D55D8 /* MyPageViewModel.swift in Sources */,
				CC3414082919310700A1FD17 /* DiaryColorCellViewModel.swift in Sources */,
				CC6BD74428EBFA80001ED665 /* DiaryConfigViewController.swift in Sources */,
				CCE1806F28E5919B00AF06DB /* SignInViewController.swift in Sources */,
				E21342E128F6B6940048D9CF /* MyPlaceViewModel.swift in Sources */,
				CC40BC1A28EEAE2400DF48E1 /* CalendarDateCollectionViewCell.swift in Sources */,
				E21342DF28F6B31D0048D9CF /* MyHomeViewController.swift in Sources */,
				0AD6FD7E2903054D00939F3D /* MapSearchResultTableViewCell.swift in Sources */,
				CCD6D58C29135A7300013367 /* DiaryConfigCellViewModel.swift in Sources */,
				CC6BD74628EC18B8001ED665 /* DiaryConfigCollectionViewCell.swift in Sources */,
				0A5E904A28E858C000B381B8 /* StickerContollerView.swift in Sources */,
				E276B91E28E46B3700163833 /* DiaryModel.swift in Sources */,
				CC40BC1828EEADFD00DF48E1 /* CalendarPickerHeaderView.swift in Sources */,
				E28F080228E4655100832F4A /* AppDelegate.swift in Sources */,
				E2993A6829195B9400409C9B /* AlbumCollectionViewModel.swift in Sources */,
				E276B91C28E46AE900163833 /* User.swift in Sources */,
				E2DA8F6028F842310098DD94 /* MyAlbumCollectionViewCell.swift in Sources */,
				E276B91C28E46AE900163833 /* User.swift in Sources */,
				E2CCF30328F7534E008A12F9 /* CustomClusterAnnotationView.swift in Sources */,
				0AE27F2528F442B100D79208 /* FirebaseStorage.swift in Sources */,
				E276B91C28E46AE900163833 /* User.swift in Sources */,
				CC34140C29193E6E00A1FD17 /* DiaryColorCollectionViewModel.swift in Sources */,
				0AAB2AE228EDA55D009FBD96 /* StickerStickerView.swift in Sources */,
				0A6F107528FC3782002FB611 /* LicenseViewController.swift in Sources */,
				0A5E904828E857E200B381B8 /* StickerView.swift in Sources */,
				CC9F969628F7E0B100E4B68A /* MyDiaryPagesViewModel.swift in Sources */,
				0A5235B228F854C200AC77AC /* UIColor+.swift in Sources */,
				0A6F107128FBFA7C002FB611 /* MenuTableViewCell.swift in Sources */,
				CC65514728EEBF7C00E637A2 /* Date+.swift in Sources */,
				E21342DD28F6B2740048D9CF /* HalfModalPresentationController.swift in Sources */,
				E2EA7F1628E5711E00AC1C49 /* DiaryCollectionHeaderView.swift in Sources */,
				B93EC22928F7BC8000BB89C5 /* String+.swift in Sources */,
				E2B025BC28EB326C00B73891 /* MyHomeViewModel.swift in Sources */,
				E27469AB29199DAD00BC906A /* PhotoCollectionView.swift in Sources */,
				E2C2A76C28F97DB900D48F8F /* LoadingIndicator.swift in Sources */,
				E2DA8F6428F857D80098DD94 /* MyAlbumPhotoCollectionViewCell.swift in Sources */,
				E2993A6629195AD600409C9B /* AlbumCollectionView.swift in Sources */,
				E2CCF30128F74450008A12F9 /* CustomAnnotationView.swift in Sources */,
				0A5E904828E857E200B381B8 /* StickerView.swift in Sources */,
				E2ED4872290ABE46002FEC2B /* Notification+.swift in Sources */,
				0A3ED14628F99FBF000D55D8 /* SetProfileImageViewController.swift in Sources */,
				0AAB2ACF28EAFF52009FBD96 /* TableView+.swift in Sources */,
				E265C8102914E9A4003380A5 /* HomeButtonView.swift in Sources */,
				CC40BC1C28EEAEB200DF48E1 /* Day.swift in Sources */,
				0A3ED14428F99F11000D55D8 /* TravelsCollectionViewCell.swift in Sources */,
				E2FA41B028F6A89900BBA354 /* MapView.swift in Sources */,
				0AAB2ADA28EC8C8D009FBD96 /* StickerPickerCollectionViewCell.swift in Sources */,
				0A5DC37B28F7F65B00AABED1 /* ImageManager.swift in Sources */,
				CC65515228F0877900E637A2 /* MyDiaryPagesViewCollectionViewCell.swift in Sources */,
				0AAB2AD328EB14A8009FBD96 /* UIView+.swift in Sources */,
				E28F080428E4655100832F4A /* SceneDelegate.swift in Sources */,
				E2DA8F6228F856A10098DD94 /* MyAlbumPhotoViewController.swift in Sources */,
				E2FA41A128F4752D00BBA354 /* DiaryCollectionViewCell.swift in Sources */,
				CC34140A29193C0A00A1FD17 /* DiaryColorCollectionView.swift in Sources */,
				CC40BC1628EEADEB00DF48E1 /* CalendarPickerFooterView.swift in Sources */,
				CC65515828F544ED00E637A2 /* PopUpViewController.swift in Sources */,
				E2C2750B290D950400319885 /* DiaryCollectionView.swift in Sources */,
				E2B025C728EC163500B73891 /* FirestoreClient.swift in Sources */,
				E2B025C728EC163500B73891 /* FirestoreClient.swift in Sources */,
			);
			runOnlyForDeploymentPostprocessing = 0;
		};
		E28F081028E4655200832F4A /* Sources */ = {
			isa = PBXSourcesBuildPhase;
			buildActionMask = 2147483647;
			files = (
				E28F081928E4655200832F4A /* MacC_GoldenRatioTests.swift in Sources */,
			);
			runOnlyForDeploymentPostprocessing = 0;
		};
		E28F081A28E4655200832F4A /* Sources */ = {
			isa = PBXSourcesBuildPhase;
			buildActionMask = 2147483647;
			files = (
				E28F082328E4655200832F4A /* MacC_GoldenRatioUITests.swift in Sources */,
				E28F082528E4655200832F4A /* MacC_GoldenRatioUITestsLaunchTests.swift in Sources */,
			);
			runOnlyForDeploymentPostprocessing = 0;
		};
/* End PBXSourcesBuildPhase section */

/* Begin PBXTargetDependency section */
		E28F081628E4655200832F4A /* PBXTargetDependency */ = {
			isa = PBXTargetDependency;
			target = E28F07FD28E4655100832F4A /* MacC-GoldenRatio */;
			targetProxy = E28F081528E4655200832F4A /* PBXContainerItemProxy */;
		};
		E28F082028E4655200832F4A /* PBXTargetDependency */ = {
			isa = PBXTargetDependency;
			target = E28F07FD28E4655100832F4A /* MacC-GoldenRatio */;
			targetProxy = E28F081F28E4655200832F4A /* PBXContainerItemProxy */;
		};
/* End PBXTargetDependency section */

/* Begin PBXVariantGroup section */
		E28F080C28E4655200832F4A /* LaunchScreen.storyboard */ = {
			isa = PBXVariantGroup;
			children = (
				E28F080D28E4655200832F4A /* Base */,
			);
			name = LaunchScreen.storyboard;
			sourceTree = "<group>";
		};
/* End PBXVariantGroup section */

/* Begin XCBuildConfiguration section */
		E28F082628E4655200832F4A /* Debug */ = {
			isa = XCBuildConfiguration;
			buildSettings = {
				ALWAYS_SEARCH_USER_PATHS = NO;
				CLANG_ANALYZER_NONNULL = YES;
				CLANG_ANALYZER_NUMBER_OBJECT_CONVERSION = YES_AGGRESSIVE;
				CLANG_CXX_LANGUAGE_STANDARD = "gnu++17";
				CLANG_ENABLE_MODULES = YES;
				CLANG_ENABLE_OBJC_ARC = YES;
				CLANG_ENABLE_OBJC_WEAK = YES;
				CLANG_WARN_BLOCK_CAPTURE_AUTORELEASING = YES;
				CLANG_WARN_BOOL_CONVERSION = YES;
				CLANG_WARN_COMMA = YES;
				CLANG_WARN_CONSTANT_CONVERSION = YES;
				CLANG_WARN_DEPRECATED_OBJC_IMPLEMENTATIONS = YES;
				CLANG_WARN_DIRECT_OBJC_ISA_USAGE = YES_ERROR;
				CLANG_WARN_DOCUMENTATION_COMMENTS = YES;
				CLANG_WARN_EMPTY_BODY = YES;
				CLANG_WARN_ENUM_CONVERSION = YES;
				CLANG_WARN_INFINITE_RECURSION = YES;
				CLANG_WARN_INT_CONVERSION = YES;
				CLANG_WARN_NON_LITERAL_NULL_CONVERSION = YES;
				CLANG_WARN_OBJC_IMPLICIT_RETAIN_SELF = YES;
				CLANG_WARN_OBJC_LITERAL_CONVERSION = YES;
				CLANG_WARN_OBJC_ROOT_CLASS = YES_ERROR;
				CLANG_WARN_QUOTED_INCLUDE_IN_FRAMEWORK_HEADER = YES;
				CLANG_WARN_RANGE_LOOP_ANALYSIS = YES;
				CLANG_WARN_STRICT_PROTOTYPES = YES;
				CLANG_WARN_SUSPICIOUS_MOVE = YES;
				CLANG_WARN_UNGUARDED_AVAILABILITY = YES_AGGRESSIVE;
				CLANG_WARN_UNREACHABLE_CODE = YES;
				CLANG_WARN__DUPLICATE_METHOD_MATCH = YES;
				COPY_PHASE_STRIP = NO;
				DEBUG_INFORMATION_FORMAT = dwarf;
				ENABLE_STRICT_OBJC_MSGSEND = YES;
				ENABLE_TESTABILITY = YES;
				GCC_C_LANGUAGE_STANDARD = gnu11;
				GCC_DYNAMIC_NO_PIC = NO;
				GCC_NO_COMMON_BLOCKS = YES;
				GCC_OPTIMIZATION_LEVEL = 0;
				GCC_PREPROCESSOR_DEFINITIONS = (
					"DEBUG=1",
					"$(inherited)",
				);
				GCC_WARN_64_TO_32_BIT_CONVERSION = YES;
				GCC_WARN_ABOUT_RETURN_TYPE = YES_ERROR;
				GCC_WARN_UNDECLARED_SELECTOR = YES;
				GCC_WARN_UNINITIALIZED_AUTOS = YES_AGGRESSIVE;
				GCC_WARN_UNUSED_FUNCTION = YES;
				GCC_WARN_UNUSED_VARIABLE = YES;
				IPHONEOS_DEPLOYMENT_TARGET = 13.0;
				MTL_ENABLE_DEBUG_INFO = INCLUDE_SOURCE;
				MTL_FAST_MATH = YES;
				ONLY_ACTIVE_ARCH = YES;
				SDKROOT = iphoneos;
				SWIFT_ACTIVE_COMPILATION_CONDITIONS = DEBUG;
				SWIFT_OPTIMIZATION_LEVEL = "-Onone";
				VALIDATE_PRODUCT = NO;
			};
			name = Debug;
		};
		E28F082728E4655200832F4A /* Release */ = {
			isa = XCBuildConfiguration;
			buildSettings = {
				ALWAYS_SEARCH_USER_PATHS = NO;
				CLANG_ANALYZER_NONNULL = YES;
				CLANG_ANALYZER_NUMBER_OBJECT_CONVERSION = YES_AGGRESSIVE;
				CLANG_CXX_LANGUAGE_STANDARD = "gnu++17";
				CLANG_ENABLE_MODULES = YES;
				CLANG_ENABLE_OBJC_ARC = YES;
				CLANG_ENABLE_OBJC_WEAK = YES;
				CLANG_WARN_BLOCK_CAPTURE_AUTORELEASING = YES;
				CLANG_WARN_BOOL_CONVERSION = YES;
				CLANG_WARN_COMMA = YES;
				CLANG_WARN_CONSTANT_CONVERSION = YES;
				CLANG_WARN_DEPRECATED_OBJC_IMPLEMENTATIONS = YES;
				CLANG_WARN_DIRECT_OBJC_ISA_USAGE = YES_ERROR;
				CLANG_WARN_DOCUMENTATION_COMMENTS = YES;
				CLANG_WARN_EMPTY_BODY = YES;
				CLANG_WARN_ENUM_CONVERSION = YES;
				CLANG_WARN_INFINITE_RECURSION = YES;
				CLANG_WARN_INT_CONVERSION = YES;
				CLANG_WARN_NON_LITERAL_NULL_CONVERSION = YES;
				CLANG_WARN_OBJC_IMPLICIT_RETAIN_SELF = YES;
				CLANG_WARN_OBJC_LITERAL_CONVERSION = YES;
				CLANG_WARN_OBJC_ROOT_CLASS = YES_ERROR;
				CLANG_WARN_QUOTED_INCLUDE_IN_FRAMEWORK_HEADER = YES;
				CLANG_WARN_RANGE_LOOP_ANALYSIS = YES;
				CLANG_WARN_STRICT_PROTOTYPES = YES;
				CLANG_WARN_SUSPICIOUS_MOVE = YES;
				CLANG_WARN_UNGUARDED_AVAILABILITY = YES_AGGRESSIVE;
				CLANG_WARN_UNREACHABLE_CODE = YES;
				CLANG_WARN__DUPLICATE_METHOD_MATCH = YES;
				COPY_PHASE_STRIP = NO;
				DEBUG_INFORMATION_FORMAT = "dwarf-with-dsym";
				ENABLE_NS_ASSERTIONS = NO;
				ENABLE_STRICT_OBJC_MSGSEND = YES;
				GCC_C_LANGUAGE_STANDARD = gnu11;
				GCC_NO_COMMON_BLOCKS = YES;
				GCC_WARN_64_TO_32_BIT_CONVERSION = YES;
				GCC_WARN_ABOUT_RETURN_TYPE = YES_ERROR;
				GCC_WARN_UNDECLARED_SELECTOR = YES;
				GCC_WARN_UNINITIALIZED_AUTOS = YES_AGGRESSIVE;
				GCC_WARN_UNUSED_FUNCTION = YES;
				GCC_WARN_UNUSED_VARIABLE = YES;
				IPHONEOS_DEPLOYMENT_TARGET = 13.0;
				MTL_ENABLE_DEBUG_INFO = NO;
				MTL_FAST_MATH = YES;
				SDKROOT = iphoneos;
				SWIFT_COMPILATION_MODE = wholemodule;
				SWIFT_OPTIMIZATION_LEVEL = "-O";
				VALIDATE_PRODUCT = YES;
			};
			name = Release;
		};
		E28F082928E4655200832F4A /* Debug */ = {
			isa = XCBuildConfiguration;
			buildSettings = {
				ALWAYS_EMBED_SWIFT_STANDARD_LIBRARIES = YES;
				ASSETCATALOG_COMPILER_APPICON_NAME = AppIcon;
				ASSETCATALOG_COMPILER_GLOBAL_ACCENT_COLOR_NAME = AccentColor;
				CODE_SIGN_ENTITLEMENTS = "MacC-GoldenRatio/MacC-GoldenRatio.entitlements";
				CODE_SIGN_IDENTITY = "iPhone Developer";
				CODE_SIGN_STYLE = Manual;
				CURRENT_PROJECT_VERSION = 1;
				DEVELOPMENT_TEAM = ZNH7978JJQ;
				"DEVELOPMENT_TEAM[sdk=iphoneos*]" = ZNH7978JJQ;
				GENERATE_INFOPLIST_FILE = YES;
				INFOPLIST_FILE = "MacC-GoldenRatio/Info.plist";
				INFOPLIST_KEY_CFBundleDisplayName = TDAA;
				INFOPLIST_KEY_NSLocationWhenInUseUsageDescription = "사용자의 위치를 활용해 지도를 표시하기 위한 권한이 필요합니다.";
				INFOPLIST_KEY_NSPhotoLibraryUsageDescription = "사진을 저장하기 위해 앨범 접근 권한이 필요합니다.";
				INFOPLIST_KEY_UIApplicationSupportsIndirectInputEvents = YES;
				INFOPLIST_KEY_UILaunchStoryboardName = LaunchScreen;
				INFOPLIST_KEY_UISupportedInterfaceOrientations = UIInterfaceOrientationPortrait;
				INFOPLIST_KEY_UISupportedInterfaceOrientations_iPad = "UIInterfaceOrientationLandscapeLeft UIInterfaceOrientationLandscapeRight UIInterfaceOrientationPortrait UIInterfaceOrientationPortraitUpsideDown";
				INFOPLIST_KEY_UIUserInterfaceStyle = Light;
				IPHONEOS_DEPLOYMENT_TARGET = 14.0;
				LD_RUNPATH_SEARCH_PATHS = (
					"$(inherited)",
					"@executable_path/Frameworks",
				);
				MARKETING_VERSION = 1.0;
				PRODUCT_BUNDLE_IDENTIFIER = "com.TwoInterval.MacC-GoldenRatio";
				PRODUCT_NAME = "$(TARGET_NAME)";
				PROVISIONING_PROFILE_SPECIFIER = DiaryAppForDevelopment;
				"PROVISIONING_PROFILE_SPECIFIER[sdk=iphoneos*]" = DiaryAppForDevelopment;
				SUPPORTED_PLATFORMS = "iphoneos iphonesimulator";
				SUPPORTS_MACCATALYST = NO;
				SUPPORTS_MAC_DESIGNED_FOR_IPHONE_IPAD = YES;
				SWIFT_EMIT_LOC_STRINGS = YES;
				SWIFT_VERSION = 5.0;
				TARGETED_DEVICE_FAMILY = 1;
			};
			name = Debug;
		};
		E28F082A28E4655200832F4A /* Release */ = {
			isa = XCBuildConfiguration;
			buildSettings = {
				ALWAYS_EMBED_SWIFT_STANDARD_LIBRARIES = YES;
				ASSETCATALOG_COMPILER_APPICON_NAME = AppIcon;
				ASSETCATALOG_COMPILER_GLOBAL_ACCENT_COLOR_NAME = AccentColor;
				CODE_SIGN_ENTITLEMENTS = "MacC-GoldenRatio/MacC-GoldenRatio.entitlements";
				CODE_SIGN_IDENTITY = "iPhone Distribution";
				"CODE_SIGN_IDENTITY[sdk=iphoneos*]" = "iPhone Developer";
				CODE_SIGN_STYLE = Manual;
				CURRENT_PROJECT_VERSION = 1;
				DEVELOPMENT_TEAM = ZNH7978JJQ;
				"DEVELOPMENT_TEAM[sdk=iphoneos*]" = ZNH7978JJQ;
				GENERATE_INFOPLIST_FILE = YES;
				INFOPLIST_FILE = "MacC-GoldenRatio/Info.plist";
				INFOPLIST_KEY_CFBundleDisplayName = TDAA;
				INFOPLIST_KEY_NSLocationWhenInUseUsageDescription = "사용자의 위치를 활용해 지도를 표시하기 위한 권한이 필요합니다.";
				INFOPLIST_KEY_NSPhotoLibraryUsageDescription = "사진을 저장하기 위해 앨범 접근 권한이 필요합니다.";
				INFOPLIST_KEY_UIApplicationSupportsIndirectInputEvents = YES;
				INFOPLIST_KEY_UILaunchStoryboardName = LaunchScreen;
				INFOPLIST_KEY_UISupportedInterfaceOrientations = UIInterfaceOrientationPortrait;
				INFOPLIST_KEY_UISupportedInterfaceOrientations_iPad = "UIInterfaceOrientationLandscapeLeft UIInterfaceOrientationLandscapeRight UIInterfaceOrientationPortrait UIInterfaceOrientationPortraitUpsideDown";
				INFOPLIST_KEY_UIUserInterfaceStyle = Light;
				IPHONEOS_DEPLOYMENT_TARGET = 14.0;
				LD_RUNPATH_SEARCH_PATHS = (
					"$(inherited)",
					"@executable_path/Frameworks",
				);
				MARKETING_VERSION = 1.0;
				PRODUCT_BUNDLE_IDENTIFIER = "com.TwoInterval.MacC-GoldenRatio";
				PRODUCT_NAME = "$(TARGET_NAME)";
				PROVISIONING_PROFILE_SPECIFIER = DiaryAppForDistribution;
				"PROVISIONING_PROFILE_SPECIFIER[sdk=iphoneos*]" = DiaryAppForDevelopment;
				SUPPORTED_PLATFORMS = "iphoneos iphonesimulator";
				SUPPORTS_MACCATALYST = NO;
				SUPPORTS_MAC_DESIGNED_FOR_IPHONE_IPAD = YES;
				SWIFT_EMIT_LOC_STRINGS = YES;
				SWIFT_VERSION = 5.0;
				TARGETED_DEVICE_FAMILY = 1;
			};
			name = Release;
		};
		E28F082C28E4655200832F4A /* Debug */ = {
			isa = XCBuildConfiguration;
			buildSettings = {
				ALWAYS_EMBED_SWIFT_STANDARD_LIBRARIES = YES;
				BUNDLE_LOADER = "$(TEST_HOST)";
				CODE_SIGN_STYLE = Automatic;
				CURRENT_PROJECT_VERSION = 1;
				DEVELOPMENT_TEAM = SXSNK823Y9;
				GENERATE_INFOPLIST_FILE = YES;
				IPHONEOS_DEPLOYMENT_TARGET = 15.5;
				MARKETING_VERSION = 1.0;
				PRODUCT_BUNDLE_IDENTIFIER = "com.TwoInterval.MacC-GoldenRatioTests";
				PRODUCT_NAME = "$(TARGET_NAME)";
				SWIFT_EMIT_LOC_STRINGS = NO;
				SWIFT_VERSION = 5.0;
				TARGETED_DEVICE_FAMILY = "1,2";
				TEST_HOST = "$(BUILT_PRODUCTS_DIR)/MacC-GoldenRatio.app/MacC-GoldenRatio";
			};
			name = Debug;
		};
		E28F082D28E4655200832F4A /* Release */ = {
			isa = XCBuildConfiguration;
			buildSettings = {
				ALWAYS_EMBED_SWIFT_STANDARD_LIBRARIES = YES;
				BUNDLE_LOADER = "$(TEST_HOST)";
				CODE_SIGN_STYLE = Automatic;
				CURRENT_PROJECT_VERSION = 1;
				DEVELOPMENT_TEAM = SXSNK823Y9;
				GENERATE_INFOPLIST_FILE = YES;
				IPHONEOS_DEPLOYMENT_TARGET = 15.5;
				MARKETING_VERSION = 1.0;
				PRODUCT_BUNDLE_IDENTIFIER = "com.TwoInterval.MacC-GoldenRatioTests";
				PRODUCT_NAME = "$(TARGET_NAME)";
				SWIFT_EMIT_LOC_STRINGS = NO;
				SWIFT_VERSION = 5.0;
				TARGETED_DEVICE_FAMILY = "1,2";
				TEST_HOST = "$(BUILT_PRODUCTS_DIR)/MacC-GoldenRatio.app/MacC-GoldenRatio";
			};
			name = Release;
		};
		E28F082F28E4655200832F4A /* Debug */ = {
			isa = XCBuildConfiguration;
			buildSettings = {
				ALWAYS_EMBED_SWIFT_STANDARD_LIBRARIES = YES;
				CODE_SIGN_STYLE = Automatic;
				CURRENT_PROJECT_VERSION = 1;
				DEVELOPMENT_TEAM = SXSNK823Y9;
				GENERATE_INFOPLIST_FILE = YES;
				MARKETING_VERSION = 1.0;
				PRODUCT_BUNDLE_IDENTIFIER = "com.TwoInterval.MacC-GoldenRatioUITests";
				PRODUCT_NAME = "$(TARGET_NAME)";
				SWIFT_EMIT_LOC_STRINGS = NO;
				SWIFT_VERSION = 5.0;
				TARGETED_DEVICE_FAMILY = "1,2";
				TEST_TARGET_NAME = "MacC-GoldenRatio";
			};
			name = Debug;
		};
		E28F083028E4655200832F4A /* Release */ = {
			isa = XCBuildConfiguration;
			buildSettings = {
				ALWAYS_EMBED_SWIFT_STANDARD_LIBRARIES = YES;
				CODE_SIGN_STYLE = Automatic;
				CURRENT_PROJECT_VERSION = 1;
				DEVELOPMENT_TEAM = SXSNK823Y9;
				GENERATE_INFOPLIST_FILE = YES;
				MARKETING_VERSION = 1.0;
				PRODUCT_BUNDLE_IDENTIFIER = "com.TwoInterval.MacC-GoldenRatioUITests";
				PRODUCT_NAME = "$(TARGET_NAME)";
				SWIFT_EMIT_LOC_STRINGS = NO;
				SWIFT_VERSION = 5.0;
				TARGETED_DEVICE_FAMILY = "1,2";
				TEST_TARGET_NAME = "MacC-GoldenRatio";
			};
			name = Release;
		};
/* End XCBuildConfiguration section */

/* Begin XCConfigurationList section */
		E28F07F928E4655100832F4A /* Build configuration list for PBXProject "MacC-GoldenRatio" */ = {
			isa = XCConfigurationList;
			buildConfigurations = (
				E28F082628E4655200832F4A /* Debug */,
				E28F082728E4655200832F4A /* Release */,
			);
			defaultConfigurationIsVisible = 0;
			defaultConfigurationName = Release;
		};
		E28F082828E4655200832F4A /* Build configuration list for PBXNativeTarget "MacC-GoldenRatio" */ = {
			isa = XCConfigurationList;
			buildConfigurations = (
				E28F082928E4655200832F4A /* Debug */,
				E28F082A28E4655200832F4A /* Release */,
			);
			defaultConfigurationIsVisible = 0;
			defaultConfigurationName = Release;
		};
		E28F082B28E4655200832F4A /* Build configuration list for PBXNativeTarget "MacC-GoldenRatioTests" */ = {
			isa = XCConfigurationList;
			buildConfigurations = (
				E28F082C28E4655200832F4A /* Debug */,
				E28F082D28E4655200832F4A /* Release */,
			);
			defaultConfigurationIsVisible = 0;
			defaultConfigurationName = Release;
		};
		E28F082E28E4655200832F4A /* Build configuration list for PBXNativeTarget "MacC-GoldenRatioUITests" */ = {
			isa = XCConfigurationList;
			buildConfigurations = (
				E28F082F28E4655200832F4A /* Debug */,
				E28F083028E4655200832F4A /* Release */,
			);
			defaultConfigurationIsVisible = 0;
			defaultConfigurationName = Release;
		};
/* End XCConfigurationList section */

/* Begin XCRemoteSwiftPackageReference section */
		E25753BD28ED9E0600023619 /* XCRemoteSwiftPackageReference "Kingfisher" */ = {
			isa = XCRemoteSwiftPackageReference;
			repositoryURL = "https://github.com/onevcat/Kingfisher";
			requirement = {
				kind = upToNextMajorVersion;
				minimumVersion = 7.0.0;
			};
		};
		E2C8FA24291432B4009C58C9 /* XCRemoteSwiftPackageReference "RxSwift" */ = {
			isa = XCRemoteSwiftPackageReference;
			repositoryURL = "https://github.com/ReactiveX/RxSwift";
			requirement = {
				kind = upToNextMajorVersion;
				minimumVersion = 6.0.0;
			};
		};
		E2E5442D2916C24600E611D0 /* XCRemoteSwiftPackageReference "RxDataSources" */ = {
			isa = XCRemoteSwiftPackageReference;
			repositoryURL = "https://github.com/RxSwiftCommunity/RxDataSources";
			requirement = {
				kind = upToNextMajorVersion;
				minimumVersion = 5.0.0;
			};
		};
		E2F5690128E57E7B0039BE37 /* XCRemoteSwiftPackageReference "SnapKit" */ = {
			isa = XCRemoteSwiftPackageReference;
			repositoryURL = "https://github.com/SnapKit/SnapKit.git";
			requirement = {
				kind = upToNextMajorVersion;
				minimumVersion = 5.0.0;
			};
		};
		E2F5690728E5CCDC0039BE37 /* XCRemoteSwiftPackageReference "firebase-ios-sdk" */ = {
			isa = XCRemoteSwiftPackageReference;
			repositoryURL = "https://github.com/firebase/firebase-ios-sdk";
			requirement = {
				kind = upToNextMajorVersion;
				minimumVersion = 9.0.0;
			};
		};
/* End XCRemoteSwiftPackageReference section */

/* Begin XCSwiftPackageProductDependency section */
		E25753BE28ED9E0600023619 /* Kingfisher */ = {
			isa = XCSwiftPackageProductDependency;
			package = E25753BD28ED9E0600023619 /* XCRemoteSwiftPackageReference "Kingfisher" */;
			productName = Kingfisher;
		};
		E2C8FA25291432B4009C58C9 /* RxCocoa */ = {
			isa = XCSwiftPackageProductDependency;
			package = E2C8FA24291432B4009C58C9 /* XCRemoteSwiftPackageReference "RxSwift" */;
			productName = RxCocoa;
		};
		E2C8FA27291432B4009C58C9 /* RxSwift */ = {
			isa = XCSwiftPackageProductDependency;
			package = E2C8FA24291432B4009C58C9 /* XCRemoteSwiftPackageReference "RxSwift" */;
			productName = RxSwift;
		};
		E2E5442E2916C24600E611D0 /* RxDataSources */ = {
			isa = XCSwiftPackageProductDependency;
			package = E2E5442D2916C24600E611D0 /* XCRemoteSwiftPackageReference "RxDataSources" */;
			productName = RxDataSources;
		};
		E2F5690228E57E7B0039BE37 /* SnapKit */ = {
			isa = XCSwiftPackageProductDependency;
			package = E2F5690128E57E7B0039BE37 /* XCRemoteSwiftPackageReference "SnapKit" */;
			productName = SnapKit;
		};
		E2F5690828E5CCDC0039BE37 /* FirebaseAuth */ = {
			isa = XCSwiftPackageProductDependency;
			package = E2F5690728E5CCDC0039BE37 /* XCRemoteSwiftPackageReference "firebase-ios-sdk" */;
			productName = FirebaseAuth;
		};
		E2F5690A28E5CCDC0039BE37 /* FirebaseAuthCombine-Community */ = {
			isa = XCSwiftPackageProductDependency;
			package = E2F5690728E5CCDC0039BE37 /* XCRemoteSwiftPackageReference "firebase-ios-sdk" */;
			productName = "FirebaseAuthCombine-Community";
		};
		E2F5690C28E5CCDC0039BE37 /* FirebaseDatabase */ = {
			isa = XCSwiftPackageProductDependency;
			package = E2F5690728E5CCDC0039BE37 /* XCRemoteSwiftPackageReference "firebase-ios-sdk" */;
			productName = FirebaseDatabase;
		};
		E2F5690E28E5CCDC0039BE37 /* FirebaseDatabaseSwift */ = {
			isa = XCSwiftPackageProductDependency;
			package = E2F5690728E5CCDC0039BE37 /* XCRemoteSwiftPackageReference "firebase-ios-sdk" */;
			productName = FirebaseDatabaseSwift;
		};
		E2F5691028E5CCDC0039BE37 /* FirebaseFirestore */ = {
			isa = XCSwiftPackageProductDependency;
			package = E2F5690728E5CCDC0039BE37 /* XCRemoteSwiftPackageReference "firebase-ios-sdk" */;
			productName = FirebaseFirestore;
		};
		E2F5691228E5CCDC0039BE37 /* FirebaseFirestoreCombine-Community */ = {
			isa = XCSwiftPackageProductDependency;
			package = E2F5690728E5CCDC0039BE37 /* XCRemoteSwiftPackageReference "firebase-ios-sdk" */;
			productName = "FirebaseFirestoreCombine-Community";
		};
		E2F5691428E5CCDC0039BE37 /* FirebaseStorage */ = {
			isa = XCSwiftPackageProductDependency;
			package = E2F5690728E5CCDC0039BE37 /* XCRemoteSwiftPackageReference "firebase-ios-sdk" */;
			productName = FirebaseStorage;
		};
		E2F5691628E5CCDC0039BE37 /* FirebaseStorageCombine-Community */ = {
			isa = XCSwiftPackageProductDependency;
			package = E2F5690728E5CCDC0039BE37 /* XCRemoteSwiftPackageReference "firebase-ios-sdk" */;
			productName = "FirebaseStorageCombine-Community";
		};
/* End XCSwiftPackageProductDependency section */
	};
	rootObject = E28F07F628E4655100832F4A /* Project object */;
}
