// !$*UTF8*$!
{
	archiveVersion = 1;
	classes = {
	};
	objectVersion = 55;
	objects = {

/* Begin PBXBuildFile section */
		CCE1806F28E5919B00AF06DB /* SignInViewController.swift in Sources */ = {isa = PBXBuildFile; fileRef = CCE1806E28E5919B00AF06DB /* SignInViewController.swift */; };
		CCE1807228E594F700AF06DB /* SnapKit in Frameworks */ = {isa = PBXBuildFile; productRef = CCE1807128E594F700AF06DB /* SnapKit */; };
		CCE1807428E6B7C500AF06DB /* SignInTestViewController.swift in Sources */ = {isa = PBXBuildFile; fileRef = CCE1807328E6B7C500AF06DB /* SignInTestViewController.swift */; };
		E243425C28E4B890007BB6DE /* MyDiariesViewController.swift in Sources */ = {isa = PBXBuildFile; fileRef = E243425B28E4B890007BB6DE /* MyDiariesViewController.swift */; };
		E276B91C28E46AE900163833 /* UserModel.swift in Sources */ = {isa = PBXBuildFile; fileRef = E276B91B28E46AE900163833 /* UserModel.swift */; };
		E276B91E28E46B3700163833 /* DiaryModel.swift in Sources */ = {isa = PBXBuildFile; fileRef = E276B91D28E46B3700163833 /* DiaryModel.swift */; };
		E276B92028E4812E00163833 /* UIScreen+.swift in Sources */ = {isa = PBXBuildFile; fileRef = E276B91F28E4812E00163833 /* UIScreen+.swift */; };
		E28F080228E4655100832F4A /* AppDelegate.swift in Sources */ = {isa = PBXBuildFile; fileRef = E28F080128E4655100832F4A /* AppDelegate.swift */; };
		E28F080428E4655100832F4A /* SceneDelegate.swift in Sources */ = {isa = PBXBuildFile; fileRef = E28F080328E4655100832F4A /* SceneDelegate.swift */; };
		E28F080628E4655100832F4A /* ViewController.swift in Sources */ = {isa = PBXBuildFile; fileRef = E28F080528E4655100832F4A /* ViewController.swift */; };
		E28F080B28E4655200832F4A /* Assets.xcassets in Resources */ = {isa = PBXBuildFile; fileRef = E28F080A28E4655200832F4A /* Assets.xcassets */; };
		E28F080E28E4655200832F4A /* LaunchScreen.storyboard in Resources */ = {isa = PBXBuildFile; fileRef = E28F080C28E4655200832F4A /* LaunchScreen.storyboard */; };
		E28F081928E4655200832F4A /* MacC_GoldenRatioTests.swift in Sources */ = {isa = PBXBuildFile; fileRef = E28F081828E4655200832F4A /* MacC_GoldenRatioTests.swift */; };
		E28F082328E4655200832F4A /* MacC_GoldenRatioUITests.swift in Sources */ = {isa = PBXBuildFile; fileRef = E28F082228E4655200832F4A /* MacC_GoldenRatioUITests.swift */; };
		E28F082528E4655200832F4A /* MacC_GoldenRatioUITestsLaunchTests.swift in Sources */ = {isa = PBXBuildFile; fileRef = E28F082428E4655200832F4A /* MacC_GoldenRatioUITestsLaunchTests.swift */; };
		E2EA7F0628E56C0900AC1C49 /* TabBarController.swift in Sources */ = {isa = PBXBuildFile; fileRef = E2EA7F0528E56C0900AC1C49 /* TabBarController.swift */; };
		E2EA7F0828E56CF600AC1C49 /* MyPlacesViewController.swift in Sources */ = {isa = PBXBuildFile; fileRef = E2EA7F0728E56CF600AC1C49 /* MyPlacesViewController.swift */; };
		E2EA7F0A28E56CFE00AC1C49 /* MyAlbumsViewController.swift in Sources */ = {isa = PBXBuildFile; fileRef = E2EA7F0928E56CFE00AC1C49 /* MyAlbumsViewController.swift */; };
		E2EA7F0C28E56DF600AC1C49 /* MyPageViewController.swift in Sources */ = {isa = PBXBuildFile; fileRef = E2EA7F0B28E56DF600AC1C49 /* MyPageViewController.swift */; };
		E2EA7F0E28E56EDF00AC1C49 /* DiaryCollectionViewCell.swift in Sources */ = {isa = PBXBuildFile; fileRef = E2EA7F0D28E56EDF00AC1C49 /* DiaryCollectionViewCell.swift */; };
		E2EA7F1628E5711E00AC1C49 /* DiaryCollectionHeaderView.swift in Sources */ = {isa = PBXBuildFile; fileRef = E2EA7F1528E5711E00AC1C49 /* DiaryCollectionHeaderView.swift */; };
		E2F5690328E57E7B0039BE37 /* SnapKit in Frameworks */ = {isa = PBXBuildFile; productRef = E2F5690228E57E7B0039BE37 /* SnapKit */; };
		E2F5690928E5CCDC0039BE37 /* FirebaseAuth in Frameworks */ = {isa = PBXBuildFile; productRef = E2F5690828E5CCDC0039BE37 /* FirebaseAuth */; };
		E2F5690B28E5CCDC0039BE37 /* FirebaseAuthCombine-Community in Frameworks */ = {isa = PBXBuildFile; productRef = E2F5690A28E5CCDC0039BE37 /* FirebaseAuthCombine-Community */; };
		E2F5690D28E5CCDC0039BE37 /* FirebaseDatabase in Frameworks */ = {isa = PBXBuildFile; productRef = E2F5690C28E5CCDC0039BE37 /* FirebaseDatabase */; };
		E2F5690F28E5CCDC0039BE37 /* FirebaseDatabaseSwift in Frameworks */ = {isa = PBXBuildFile; productRef = E2F5690E28E5CCDC0039BE37 /* FirebaseDatabaseSwift */; };
		E2F5691128E5CCDC0039BE37 /* FirebaseFirestore in Frameworks */ = {isa = PBXBuildFile; productRef = E2F5691028E5CCDC0039BE37 /* FirebaseFirestore */; };
		E2F5691328E5CCDC0039BE37 /* FirebaseFirestoreCombine-Community in Frameworks */ = {isa = PBXBuildFile; productRef = E2F5691228E5CCDC0039BE37 /* FirebaseFirestoreCombine-Community */; };
		E2F5691528E5CCDC0039BE37 /* FirebaseStorage in Frameworks */ = {isa = PBXBuildFile; productRef = E2F5691428E5CCDC0039BE37 /* FirebaseStorage */; };
		E2F5691728E5CCDC0039BE37 /* FirebaseStorageCombine-Community in Frameworks */ = {isa = PBXBuildFile; productRef = E2F5691628E5CCDC0039BE37 /* FirebaseStorageCombine-Community */; };
		E2F5691928E5CE170039BE37 /* GoogleService-Info.plist in Resources */ = {isa = PBXBuildFile; fileRef = E2F5691828E5CE170039BE37 /* GoogleService-Info.plist */; };
/* End PBXBuildFile section */

/* Begin PBXContainerItemProxy section */
		E28F081528E4655200832F4A /* PBXContainerItemProxy */ = {
			isa = PBXContainerItemProxy;
			containerPortal = E28F07F628E4655100832F4A /* Project object */;
			proxyType = 1;
			remoteGlobalIDString = E28F07FD28E4655100832F4A;
			remoteInfo = "MacC-GoldenRatio";
		};
		E28F081F28E4655200832F4A /* PBXContainerItemProxy */ = {
			isa = PBXContainerItemProxy;
			containerPortal = E28F07F628E4655100832F4A /* Project object */;
			proxyType = 1;
			remoteGlobalIDString = E28F07FD28E4655100832F4A;
			remoteInfo = "MacC-GoldenRatio";
		};
/* End PBXContainerItemProxy section */

/* Begin PBXCopyFilesBuildPhase section */
		E2F568FE28E57D1E0039BE37 /* Embed Frameworks */ = {
			isa = PBXCopyFilesBuildPhase;
			buildActionMask = 2147483647;
			dstPath = "";
			dstSubfolderSpec = 10;
			files = (
			);
			name = "Embed Frameworks";
			runOnlyForDeploymentPostprocessing = 0;
		};
/* End PBXCopyFilesBuildPhase section */

/* Begin PBXFileReference section */
		CCE1806E28E5919B00AF06DB /* SignInViewController.swift */ = {isa = PBXFileReference; lastKnownFileType = sourcecode.swift; path = SignInViewController.swift; sourceTree = "<group>"; };
		CCE1807328E6B7C500AF06DB /* SignInTestViewController.swift */ = {isa = PBXFileReference; lastKnownFileType = sourcecode.swift; path = SignInTestViewController.swift; sourceTree = "<group>"; };
		E243425B28E4B890007BB6DE /* MyDiariesViewController.swift */ = {isa = PBXFileReference; lastKnownFileType = sourcecode.swift; path = MyDiariesViewController.swift; sourceTree = "<group>"; };
		E276B91B28E46AE900163833 /* UserModel.swift */ = {isa = PBXFileReference; lastKnownFileType = sourcecode.swift; path = UserModel.swift; sourceTree = "<group>"; };
		E276B91D28E46B3700163833 /* DiaryModel.swift */ = {isa = PBXFileReference; lastKnownFileType = sourcecode.swift; path = DiaryModel.swift; sourceTree = "<group>"; };
		E276B91F28E4812E00163833 /* UIScreen+.swift */ = {isa = PBXFileReference; lastKnownFileType = sourcecode.swift; path = "UIScreen+.swift"; sourceTree = "<group>"; };
		E28F07FE28E4655100832F4A /* MacC-GoldenRatio.app */ = {isa = PBXFileReference; explicitFileType = wrapper.application; includeInIndex = 0; path = "MacC-GoldenRatio.app"; sourceTree = BUILT_PRODUCTS_DIR; };
		E28F080128E4655100832F4A /* AppDelegate.swift */ = {isa = PBXFileReference; lastKnownFileType = sourcecode.swift; path = AppDelegate.swift; sourceTree = "<group>"; };
		E28F080328E4655100832F4A /* SceneDelegate.swift */ = {isa = PBXFileReference; lastKnownFileType = sourcecode.swift; path = SceneDelegate.swift; sourceTree = "<group>"; };
		E28F080528E4655100832F4A /* ViewController.swift */ = {isa = PBXFileReference; lastKnownFileType = sourcecode.swift; path = ViewController.swift; sourceTree = "<group>"; };
		E28F080A28E4655200832F4A /* Assets.xcassets */ = {isa = PBXFileReference; lastKnownFileType = folder.assetcatalog; path = Assets.xcassets; sourceTree = "<group>"; };
		E28F080D28E4655200832F4A /* Base */ = {isa = PBXFileReference; lastKnownFileType = file.storyboard; name = Base; path = Base.lproj/LaunchScreen.storyboard; sourceTree = "<group>"; };
		E28F080F28E4655200832F4A /* Info.plist */ = {isa = PBXFileReference; lastKnownFileType = text.plist.xml; path = Info.plist; sourceTree = "<group>"; };
		E28F081428E4655200832F4A /* MacC-GoldenRatioTests.xctest */ = {isa = PBXFileReference; explicitFileType = wrapper.cfbundle; includeInIndex = 0; path = "MacC-GoldenRatioTests.xctest"; sourceTree = BUILT_PRODUCTS_DIR; };
		E28F081828E4655200832F4A /* MacC_GoldenRatioTests.swift */ = {isa = PBXFileReference; lastKnownFileType = sourcecode.swift; path = MacC_GoldenRatioTests.swift; sourceTree = "<group>"; };
		E28F081E28E4655200832F4A /* MacC-GoldenRatioUITests.xctest */ = {isa = PBXFileReference; explicitFileType = wrapper.cfbundle; includeInIndex = 0; path = "MacC-GoldenRatioUITests.xctest"; sourceTree = BUILT_PRODUCTS_DIR; };
		E28F082228E4655200832F4A /* MacC_GoldenRatioUITests.swift */ = {isa = PBXFileReference; lastKnownFileType = sourcecode.swift; path = MacC_GoldenRatioUITests.swift; sourceTree = "<group>"; };
		E28F082428E4655200832F4A /* MacC_GoldenRatioUITestsLaunchTests.swift */ = {isa = PBXFileReference; lastKnownFileType = sourcecode.swift; path = MacC_GoldenRatioUITestsLaunchTests.swift; sourceTree = "<group>"; };
		E2EA7F0528E56C0900AC1C49 /* TabBarController.swift */ = {isa = PBXFileReference; lastKnownFileType = sourcecode.swift; path = TabBarController.swift; sourceTree = "<group>"; };
		E2EA7F0728E56CF600AC1C49 /* MyPlacesViewController.swift */ = {isa = PBXFileReference; lastKnownFileType = sourcecode.swift; path = MyPlacesViewController.swift; sourceTree = "<group>"; };
		E2EA7F0928E56CFE00AC1C49 /* MyAlbumsViewController.swift */ = {isa = PBXFileReference; lastKnownFileType = sourcecode.swift; path = MyAlbumsViewController.swift; sourceTree = "<group>"; };
		E2EA7F0B28E56DF600AC1C49 /* MyPageViewController.swift */ = {isa = PBXFileReference; lastKnownFileType = sourcecode.swift; path = MyPageViewController.swift; sourceTree = "<group>"; };
		E2EA7F0D28E56EDF00AC1C49 /* DiaryCollectionViewCell.swift */ = {isa = PBXFileReference; lastKnownFileType = sourcecode.swift; path = DiaryCollectionViewCell.swift; sourceTree = "<group>"; };
		E2EA7F1528E5711E00AC1C49 /* DiaryCollectionHeaderView.swift */ = {isa = PBXFileReference; lastKnownFileType = sourcecode.swift; path = DiaryCollectionHeaderView.swift; sourceTree = "<group>"; };
		E2F5691828E5CE170039BE37 /* GoogleService-Info.plist */ = {isa = PBXFileReference; fileEncoding = 4; lastKnownFileType = text.plist.xml; path = "GoogleService-Info.plist"; sourceTree = "<group>"; };
/* End PBXFileReference section */

/* Begin PBXFrameworksBuildPhase section */
		E28F07FB28E4655100832F4A /* Frameworks */ = {
			isa = PBXFrameworksBuildPhase;
			buildActionMask = 2147483647;
			files = (

				E2F5690F28E5CCDC0039BE37 /* FirebaseDatabaseSwift in Frameworks */,
				E2F5690328E57E7B0039BE37 /* SnapKit in Frameworks */,
				E2F5690B28E5CCDC0039BE37 /* FirebaseAuthCombine-Community in Frameworks */,
				E2F5690D28E5CCDC0039BE37 /* FirebaseDatabase in Frameworks */,
				E2F5690928E5CCDC0039BE37 /* FirebaseAuth in Frameworks */,
				E2F5691528E5CCDC0039BE37 /* FirebaseStorage in Frameworks */,
				E2F5691128E5CCDC0039BE37 /* FirebaseFirestore in Frameworks */,
				E2F5691728E5CCDC0039BE37 /* FirebaseStorageCombine-Community in Frameworks */,
				E2F5691328E5CCDC0039BE37 /* FirebaseFirestoreCombine-Community in Frameworks */,

			);
			runOnlyForDeploymentPostprocessing = 0;
		};
		E28F081128E4655200832F4A /* Frameworks */ = {
			isa = PBXFrameworksBuildPhase;
			buildActionMask = 2147483647;
			files = (
			);
			runOnlyForDeploymentPostprocessing = 0;
		};
		E28F081B28E4655200832F4A /* Frameworks */ = {
			isa = PBXFrameworksBuildPhase;
			buildActionMask = 2147483647;
			files = (
			);
			runOnlyForDeploymentPostprocessing = 0;
		};
/* End PBXFrameworksBuildPhase section */

/* Begin PBXGroup section */
		CCE1806D28E5917A00AF06DB /* SignIn */ = {
			isa = PBXGroup;
			children = (
				CCE1806E28E5919B00AF06DB /* SignInViewController.swift */,
				CCE1807328E6B7C500AF06DB /* SignInTestViewController.swift */,
			);
			path = SignIn;
			sourceTree = "<group>";
		};
		E276B91328E468D700163833 /* Sources */ = {
			isa = PBXGroup;
			children = (
				E2EA7F1428E570F100AC1C49 /* Views */,
				E276B91A28E4697E00163833 /* ViewControllers */,
				E276B91928E4697900163833 /* Models */,
				E276B91828E4693100163833 /* Extensions */,
				E276B91728E4692B00163833 /* Cells */,
				E276B91628E4692500163833 /* Classes */,
			);
			path = Sources;
			sourceTree = "<group>";
		};
		E276B91428E468E900163833 /* Resources */ = {
			isa = PBXGroup;
			children = (
				E28F080128E4655100832F4A /* AppDelegate.swift */,
				E28F080328E4655100832F4A /* SceneDelegate.swift */,
				E2F5691828E5CE170039BE37 /* GoogleService-Info.plist */,
			);
			path = Resources;
			sourceTree = "<group>";
		};
		E276B91628E4692500163833 /* Classes */ = {
			isa = PBXGroup;
			children = (
			);
			path = Classes;
			sourceTree = "<group>";
		};
		E276B91728E4692B00163833 /* Cells */ = {
			isa = PBXGroup;
			children = (
				E2EA7F0D28E56EDF00AC1C49 /* DiaryCollectionViewCell.swift */,
			);
			path = Cells;
			sourceTree = "<group>";
		};
		E276B91828E4693100163833 /* Extensions */ = {
			isa = PBXGroup;
			children = (
				E276B91F28E4812E00163833 /* UIScreen+.swift */,
			);
			path = Extensions;
			sourceTree = "<group>";
		};
		E276B91928E4697900163833 /* Models */ = {
			isa = PBXGroup;
			children = (
				E276B91B28E46AE900163833 /* UserModel.swift */,
				E276B91D28E46B3700163833 /* DiaryModel.swift */,
			);
			path = Models;
			sourceTree = "<group>";
		};
		E276B91A28E4697E00163833 /* ViewControllers */ = {
			isa = PBXGroup;
			children = (
				CCE1806D28E5917A00AF06DB /* SignIn */,
				E2EA7F0428E56BD700AC1C49 /* Main */,
				E28F080528E4655100832F4A /* ViewController.swift */,
			);
			path = ViewControllers;
			sourceTree = "<group>";
		};
		E28F07F528E4655100832F4A = {
			isa = PBXGroup;
			children = (
				E28F080028E4655100832F4A /* MacC-GoldenRatio */,
				E28F081728E4655200832F4A /* MacC-GoldenRatioTests */,
				E28F082128E4655200832F4A /* MacC-GoldenRatioUITests */,
				E28F07FF28E4655100832F4A /* Products */,
			);
			sourceTree = "<group>";
		};
		E28F07FF28E4655100832F4A /* Products */ = {
			isa = PBXGroup;
			children = (
				E28F07FE28E4655100832F4A /* MacC-GoldenRatio.app */,
				E28F081428E4655200832F4A /* MacC-GoldenRatioTests.xctest */,
				E28F081E28E4655200832F4A /* MacC-GoldenRatioUITests.xctest */,
			);
			name = Products;
			sourceTree = "<group>";
		};
		E28F080028E4655100832F4A /* MacC-GoldenRatio */ = {
			isa = PBXGroup;
			children = (
				E276B91428E468E900163833 /* Resources */,
				E276B91328E468D700163833 /* Sources */,
				E28F080A28E4655200832F4A /* Assets.xcassets */,
				E28F080C28E4655200832F4A /* LaunchScreen.storyboard */,
				E28F080F28E4655200832F4A /* Info.plist */,
			);
			path = "MacC-GoldenRatio";
			sourceTree = "<group>";
		};
		E28F081728E4655200832F4A /* MacC-GoldenRatioTests */ = {
			isa = PBXGroup;
			children = (
				E28F081828E4655200832F4A /* MacC_GoldenRatioTests.swift */,
			);
			path = "MacC-GoldenRatioTests";
			sourceTree = "<group>";
		};
		E28F082128E4655200832F4A /* MacC-GoldenRatioUITests */ = {
			isa = PBXGroup;
			children = (
				E28F082228E4655200832F4A /* MacC_GoldenRatioUITests.swift */,
				E28F082428E4655200832F4A /* MacC_GoldenRatioUITestsLaunchTests.swift */,
			);
			path = "MacC-GoldenRatioUITests";
			sourceTree = "<group>";
		};
		E2EA7F0428E56BD700AC1C49 /* Main */ = {
			isa = PBXGroup;
			children = (
				E243425B28E4B890007BB6DE /* MyDiariesViewController.swift */,
				E2EA7F0528E56C0900AC1C49 /* TabBarController.swift */,
				E2EA7F0728E56CF600AC1C49 /* MyPlacesViewController.swift */,
				E2EA7F0928E56CFE00AC1C49 /* MyAlbumsViewController.swift */,
				E2EA7F0B28E56DF600AC1C49 /* MyPageViewController.swift */,
			);
			path = Main;
			sourceTree = "<group>";
		};
		E2EA7F1428E570F100AC1C49 /* Views */ = {
			isa = PBXGroup;
			children = (
				E2EA7F1528E5711E00AC1C49 /* DiaryCollectionHeaderView.swift */,
			);
			path = Views;
			sourceTree = "<group>";
		};
/* End PBXGroup section */

/* Begin PBXNativeTarget section */
		E28F07FD28E4655100832F4A /* MacC-GoldenRatio */ = {
			isa = PBXNativeTarget;
			buildConfigurationList = E28F082828E4655200832F4A /* Build configuration list for PBXNativeTarget "MacC-GoldenRatio" */;
			buildPhases = (
				E28F07FA28E4655100832F4A /* Sources */,
				E28F07FB28E4655100832F4A /* Frameworks */,
				E28F07FC28E4655100832F4A /* Resources */,
				E2F568FE28E57D1E0039BE37 /* Embed Frameworks */,
			);
			buildRules = (
			);
			dependencies = (
			);
			name = "MacC-GoldenRatio";
			packageProductDependencies = (
				E2F5690228E57E7B0039BE37 /* SnapKit */,
				E2F5690828E5CCDC0039BE37 /* FirebaseAuth */,
				E2F5690A28E5CCDC0039BE37 /* FirebaseAuthCombine-Community */,
				E2F5690C28E5CCDC0039BE37 /* FirebaseDatabase */,
				E2F5690E28E5CCDC0039BE37 /* FirebaseDatabaseSwift */,
				E2F5691028E5CCDC0039BE37 /* FirebaseFirestore */,
				E2F5691228E5CCDC0039BE37 /* FirebaseFirestoreCombine-Community */,
				E2F5691428E5CCDC0039BE37 /* FirebaseStorage */,
				E2F5691628E5CCDC0039BE37 /* FirebaseStorageCombine-Community */,
			);
			productName = "MacC-GoldenRatio";
			productReference = E28F07FE28E4655100832F4A /* MacC-GoldenRatio.app */;
			productType = "com.apple.product-type.application";
		};
		E28F081328E4655200832F4A /* MacC-GoldenRatioTests */ = {
			isa = PBXNativeTarget;
			buildConfigurationList = E28F082B28E4655200832F4A /* Build configuration list for PBXNativeTarget "MacC-GoldenRatioTests" */;
			buildPhases = (
				E28F081028E4655200832F4A /* Sources */,
				E28F081128E4655200832F4A /* Frameworks */,
				E28F081228E4655200832F4A /* Resources */,
			);
			buildRules = (
			);
			dependencies = (
				E28F081628E4655200832F4A /* PBXTargetDependency */,
			);
			name = "MacC-GoldenRatioTests";
			productName = "MacC-GoldenRatioTests";
			productReference = E28F081428E4655200832F4A /* MacC-GoldenRatioTests.xctest */;
			productType = "com.apple.product-type.bundle.unit-test";
		};
		E28F081D28E4655200832F4A /* MacC-GoldenRatioUITests */ = {
			isa = PBXNativeTarget;
			buildConfigurationList = E28F082E28E4655200832F4A /* Build configuration list for PBXNativeTarget "MacC-GoldenRatioUITests" */;
			buildPhases = (
				E28F081A28E4655200832F4A /* Sources */,
				E28F081B28E4655200832F4A /* Frameworks */,
				E28F081C28E4655200832F4A /* Resources */,
			);
			buildRules = (
			);
			dependencies = (
				E28F082028E4655200832F4A /* PBXTargetDependency */,
			);
			name = "MacC-GoldenRatioUITests";
			productName = "MacC-GoldenRatioUITests";
			productReference = E28F081E28E4655200832F4A /* MacC-GoldenRatioUITests.xctest */;
			productType = "com.apple.product-type.bundle.ui-testing";
		};
/* End PBXNativeTarget section */

/* Begin PBXProject section */
		E28F07F628E4655100832F4A /* Project object */ = {
			isa = PBXProject;
			attributes = {
				BuildIndependentTargetsInParallel = 1;
				LastSwiftUpdateCheck = 1340;
				LastUpgradeCheck = 1340;
				TargetAttributes = {
					E28F07FD28E4655100832F4A = {
						CreatedOnToolsVersion = 13.4.1;
					};
					E28F081328E4655200832F4A = {
						CreatedOnToolsVersion = 13.4.1;
						TestTargetID = E28F07FD28E4655100832F4A;
					};
					E28F081D28E4655200832F4A = {
						CreatedOnToolsVersion = 13.4.1;
						TestTargetID = E28F07FD28E4655100832F4A;
					};
				};
			};
			buildConfigurationList = E28F07F928E4655100832F4A /* Build configuration list for PBXProject "MacC-GoldenRatio" */;
			compatibilityVersion = "Xcode 13.0";
			developmentRegion = en;
			hasScannedForEncodings = 0;
			knownRegions = (
				en,
				Base,
			);
			mainGroup = E28F07F528E4655100832F4A;
			packageReferences = (
				E2F5690128E57E7B0039BE37 /* XCRemoteSwiftPackageReference "SnapKit" */,
				E2F5690728E5CCDC0039BE37 /* XCRemoteSwiftPackageReference "firebase-ios-sdk" */,
			);
			productRefGroup = E28F07FF28E4655100832F4A /* Products */;
			projectDirPath = "";
			projectRoot = "";
			targets = (
				E28F07FD28E4655100832F4A /* MacC-GoldenRatio */,
				E28F081328E4655200832F4A /* MacC-GoldenRatioTests */,
				E28F081D28E4655200832F4A /* MacC-GoldenRatioUITests */,
			);
		};
/* End PBXProject section */

/* Begin PBXResourcesBuildPhase section */
		E28F07FC28E4655100832F4A /* Resources */ = {
			isa = PBXResourcesBuildPhase;
			buildActionMask = 2147483647;
			files = (
				E28F080E28E4655200832F4A /* LaunchScreen.storyboard in Resources */,
				E28F080B28E4655200832F4A /* Assets.xcassets in Resources */,
				E2F5691928E5CE170039BE37 /* GoogleService-Info.plist in Resources */,
			);
			runOnlyForDeploymentPostprocessing = 0;
		};
		E28F081228E4655200832F4A /* Resources */ = {
			isa = PBXResourcesBuildPhase;
			buildActionMask = 2147483647;
			files = (
			);
			runOnlyForDeploymentPostprocessing = 0;
		};
		E28F081C28E4655200832F4A /* Resources */ = {
			isa = PBXResourcesBuildPhase;
			buildActionMask = 2147483647;
			files = (
			);
			runOnlyForDeploymentPostprocessing = 0;
		};
/* End PBXResourcesBuildPhase section */

/* Begin PBXSourcesBuildPhase section */
		E28F07FA28E4655100832F4A /* Sources */ = {
			isa = PBXSourcesBuildPhase;
			buildActionMask = 2147483647;
			files = (
				E28F080628E4655100832F4A /* ViewController.swift in Sources */,
				E2EA7F0628E56C0900AC1C49 /* TabBarController.swift in Sources */,
				E2EA7F0828E56CF600AC1C49 /* MyPlacesViewController.swift in Sources */,
				E276B92028E4812E00163833 /* UIScreen+.swift in Sources */,
				E2EA7F0E28E56EDF00AC1C49 /* DiaryCollectionViewCell.swift in Sources */,
				CCE1806F28E5919B00AF06DB /* SignInViewController.swift in Sources */,
				CCE1807428E6B7C500AF06DB /* SignInTestViewController.swift in Sources */,
				E2EA7F0A28E56CFE00AC1C49 /* MyAlbumsViewController.swift in Sources */,
				E276B91E28E46B3700163833 /* DiaryModel.swift in Sources */,
				E2EA7F0C28E56DF600AC1C49 /* MyPageViewController.swift in Sources */,
				E28F080228E4655100832F4A /* AppDelegate.swift in Sources */,
				E276B91C28E46AE900163833 /* UserModel.swift in Sources */,
				E2EA7F1628E5711E00AC1C49 /* DiaryCollectionHeaderView.swift in Sources */,
				E28F080428E4655100832F4A /* SceneDelegate.swift in Sources */,
				E243425C28E4B890007BB6DE /* MyDiariesViewController.swift in Sources */,
			);
			runOnlyForDeploymentPostprocessing = 0;
		};
		E28F081028E4655200832F4A /* Sources */ = {
			isa = PBXSourcesBuildPhase;
			buildActionMask = 2147483647;
			files = (
				E28F081928E4655200832F4A /* MacC_GoldenRatioTests.swift in Sources */,
			);
			runOnlyForDeploymentPostprocessing = 0;
		};
		E28F081A28E4655200832F4A /* Sources */ = {
			isa = PBXSourcesBuildPhase;
			buildActionMask = 2147483647;
			files = (
				E28F082328E4655200832F4A /* MacC_GoldenRatioUITests.swift in Sources */,
				E28F082528E4655200832F4A /* MacC_GoldenRatioUITestsLaunchTests.swift in Sources */,
			);
			runOnlyForDeploymentPostprocessing = 0;
		};
/* End PBXSourcesBuildPhase section */

/* Begin PBXTargetDependency section */
		E28F081628E4655200832F4A /* PBXTargetDependency */ = {
			isa = PBXTargetDependency;
			target = E28F07FD28E4655100832F4A /* MacC-GoldenRatio */;
			targetProxy = E28F081528E4655200832F4A /* PBXContainerItemProxy */;
		};
		E28F082028E4655200832F4A /* PBXTargetDependency */ = {
			isa = PBXTargetDependency;
			target = E28F07FD28E4655100832F4A /* MacC-GoldenRatio */;
			targetProxy = E28F081F28E4655200832F4A /* PBXContainerItemProxy */;
		};
/* End PBXTargetDependency section */

/* Begin PBXVariantGroup section */
		E28F080C28E4655200832F4A /* LaunchScreen.storyboard */ = {
			isa = PBXVariantGroup;
			children = (
				E28F080D28E4655200832F4A /* Base */,
			);
			name = LaunchScreen.storyboard;
			sourceTree = "<group>";
		};
/* End PBXVariantGroup section */

/* Begin XCBuildConfiguration section */
		E28F082628E4655200832F4A /* Debug */ = {
			isa = XCBuildConfiguration;
			buildSettings = {
				ALWAYS_SEARCH_USER_PATHS = NO;
				CLANG_ANALYZER_NONNULL = YES;
				CLANG_ANALYZER_NUMBER_OBJECT_CONVERSION = YES_AGGRESSIVE;
				CLANG_CXX_LANGUAGE_STANDARD = "gnu++17";
				CLANG_ENABLE_MODULES = YES;
				CLANG_ENABLE_OBJC_ARC = YES;
				CLANG_ENABLE_OBJC_WEAK = YES;
				CLANG_WARN_BLOCK_CAPTURE_AUTORELEASING = YES;
				CLANG_WARN_BOOL_CONVERSION = YES;
				CLANG_WARN_COMMA = YES;
				CLANG_WARN_CONSTANT_CONVERSION = YES;
				CLANG_WARN_DEPRECATED_OBJC_IMPLEMENTATIONS = YES;
				CLANG_WARN_DIRECT_OBJC_ISA_USAGE = YES_ERROR;
				CLANG_WARN_DOCUMENTATION_COMMENTS = YES;
				CLANG_WARN_EMPTY_BODY = YES;
				CLANG_WARN_ENUM_CONVERSION = YES;
				CLANG_WARN_INFINITE_RECURSION = YES;
				CLANG_WARN_INT_CONVERSION = YES;
				CLANG_WARN_NON_LITERAL_NULL_CONVERSION = YES;
				CLANG_WARN_OBJC_IMPLICIT_RETAIN_SELF = YES;
				CLANG_WARN_OBJC_LITERAL_CONVERSION = YES;
				CLANG_WARN_OBJC_ROOT_CLASS = YES_ERROR;
				CLANG_WARN_QUOTED_INCLUDE_IN_FRAMEWORK_HEADER = YES;
				CLANG_WARN_RANGE_LOOP_ANALYSIS = YES;
				CLANG_WARN_STRICT_PROTOTYPES = YES;
				CLANG_WARN_SUSPICIOUS_MOVE = YES;
				CLANG_WARN_UNGUARDED_AVAILABILITY = YES_AGGRESSIVE;
				CLANG_WARN_UNREACHABLE_CODE = YES;
				CLANG_WARN__DUPLICATE_METHOD_MATCH = YES;
				COPY_PHASE_STRIP = NO;
				DEBUG_INFORMATION_FORMAT = dwarf;
				ENABLE_STRICT_OBJC_MSGSEND = YES;
				ENABLE_TESTABILITY = YES;
				GCC_C_LANGUAGE_STANDARD = gnu11;
				GCC_DYNAMIC_NO_PIC = NO;
				GCC_NO_COMMON_BLOCKS = YES;
				GCC_OPTIMIZATION_LEVEL = 0;
				GCC_PREPROCESSOR_DEFINITIONS = (
					"DEBUG=1",
					"$(inherited)",
				);
				GCC_WARN_64_TO_32_BIT_CONVERSION = YES;
				GCC_WARN_ABOUT_RETURN_TYPE = YES_ERROR;
				GCC_WARN_UNDECLARED_SELECTOR = YES;
				GCC_WARN_UNINITIALIZED_AUTOS = YES_AGGRESSIVE;
				GCC_WARN_UNUSED_FUNCTION = YES;
				GCC_WARN_UNUSED_VARIABLE = YES;
				IPHONEOS_DEPLOYMENT_TARGET = 13.0;
				MTL_ENABLE_DEBUG_INFO = INCLUDE_SOURCE;
				MTL_FAST_MATH = YES;
				ONLY_ACTIVE_ARCH = YES;
				SDKROOT = iphoneos;
				SWIFT_ACTIVE_COMPILATION_CONDITIONS = DEBUG;
				SWIFT_OPTIMIZATION_LEVEL = "-Onone";
				VALIDATE_PRODUCT = NO;
			};
			name = Debug;
		};
		E28F082728E4655200832F4A /* Release */ = {
			isa = XCBuildConfiguration;
			buildSettings = {
				ALWAYS_SEARCH_USER_PATHS = NO;
				CLANG_ANALYZER_NONNULL = YES;
				CLANG_ANALYZER_NUMBER_OBJECT_CONVERSION = YES_AGGRESSIVE;
				CLANG_CXX_LANGUAGE_STANDARD = "gnu++17";
				CLANG_ENABLE_MODULES = YES;
				CLANG_ENABLE_OBJC_ARC = YES;
				CLANG_ENABLE_OBJC_WEAK = YES;
				CLANG_WARN_BLOCK_CAPTURE_AUTORELEASING = YES;
				CLANG_WARN_BOOL_CONVERSION = YES;
				CLANG_WARN_COMMA = YES;
				CLANG_WARN_CONSTANT_CONVERSION = YES;
				CLANG_WARN_DEPRECATED_OBJC_IMPLEMENTATIONS = YES;
				CLANG_WARN_DIRECT_OBJC_ISA_USAGE = YES_ERROR;
				CLANG_WARN_DOCUMENTATION_COMMENTS = YES;
				CLANG_WARN_EMPTY_BODY = YES;
				CLANG_WARN_ENUM_CONVERSION = YES;
				CLANG_WARN_INFINITE_RECURSION = YES;
				CLANG_WARN_INT_CONVERSION = YES;
				CLANG_WARN_NON_LITERAL_NULL_CONVERSION = YES;
				CLANG_WARN_OBJC_IMPLICIT_RETAIN_SELF = YES;
				CLANG_WARN_OBJC_LITERAL_CONVERSION = YES;
				CLANG_WARN_OBJC_ROOT_CLASS = YES_ERROR;
				CLANG_WARN_QUOTED_INCLUDE_IN_FRAMEWORK_HEADER = YES;
				CLANG_WARN_RANGE_LOOP_ANALYSIS = YES;
				CLANG_WARN_STRICT_PROTOTYPES = YES;
				CLANG_WARN_SUSPICIOUS_MOVE = YES;
				CLANG_WARN_UNGUARDED_AVAILABILITY = YES_AGGRESSIVE;
				CLANG_WARN_UNREACHABLE_CODE = YES;
				CLANG_WARN__DUPLICATE_METHOD_MATCH = YES;
				COPY_PHASE_STRIP = NO;
				DEBUG_INFORMATION_FORMAT = "dwarf-with-dsym";
				ENABLE_NS_ASSERTIONS = NO;
				ENABLE_STRICT_OBJC_MSGSEND = YES;
				GCC_C_LANGUAGE_STANDARD = gnu11;
				GCC_NO_COMMON_BLOCKS = YES;
				GCC_WARN_64_TO_32_BIT_CONVERSION = YES;
				GCC_WARN_ABOUT_RETURN_TYPE = YES_ERROR;
				GCC_WARN_UNDECLARED_SELECTOR = YES;
				GCC_WARN_UNINITIALIZED_AUTOS = YES_AGGRESSIVE;
				GCC_WARN_UNUSED_FUNCTION = YES;
				GCC_WARN_UNUSED_VARIABLE = YES;
				IPHONEOS_DEPLOYMENT_TARGET = 13.0;
				MTL_ENABLE_DEBUG_INFO = NO;
				MTL_FAST_MATH = YES;
				SDKROOT = iphoneos;
				SWIFT_COMPILATION_MODE = wholemodule;
				SWIFT_OPTIMIZATION_LEVEL = "-O";
				VALIDATE_PRODUCT = YES;
			};
			name = Release;
		};
		E28F082928E4655200832F4A /* Debug */ = {
			isa = XCBuildConfiguration;
			buildSettings = {
				ALWAYS_EMBED_SWIFT_STANDARD_LIBRARIES = YES;
				ASSETCATALOG_COMPILER_APPICON_NAME = AppIcon;
				ASSETCATALOG_COMPILER_GLOBAL_ACCENT_COLOR_NAME = AccentColor;
				CODE_SIGN_IDENTITY = "iPhone Developer";
				CODE_SIGN_STYLE = Manual;
				CURRENT_PROJECT_VERSION = 1;
				DEVELOPMENT_TEAM = ZNH7978JJQ;
				GENERATE_INFOPLIST_FILE = YES;
				INFOPLIST_FILE = "MacC-GoldenRatio/Info.plist";
				INFOPLIST_KEY_UIApplicationSupportsIndirectInputEvents = YES;
				INFOPLIST_KEY_UILaunchStoryboardName = LaunchScreen;
				INFOPLIST_KEY_UISupportedInterfaceOrientations_iPad = "UIInterfaceOrientationPortrait UIInterfaceOrientationPortraitUpsideDown UIInterfaceOrientationLandscapeLeft UIInterfaceOrientationLandscapeRight";
				INFOPLIST_KEY_UISupportedInterfaceOrientations_iPhone = "UIInterfaceOrientationPortrait UIInterfaceOrientationLandscapeLeft UIInterfaceOrientationLandscapeRight";
				IPHONEOS_DEPLOYMENT_TARGET = 14.0;
				LD_RUNPATH_SEARCH_PATHS = (
					"$(inherited)",
					"@executable_path/Frameworks",
				);
				MARKETING_VERSION = 1.0;
				PRODUCT_BUNDLE_IDENTIFIER = "com.TwoInterval.MacC-GoldenRatio";
				PRODUCT_NAME = "$(TARGET_NAME)";
				PROVISIONING_PROFILE_SPECIFIER = DiaryAppForDevelopment;
				SWIFT_EMIT_LOC_STRINGS = YES;
				SWIFT_VERSION = 5.0;
				TARGETED_DEVICE_FAMILY = "1,2";
			};
			name = Debug;
		};
		E28F082A28E4655200832F4A /* Release */ = {
			isa = XCBuildConfiguration;
			buildSettings = {
				ALWAYS_EMBED_SWIFT_STANDARD_LIBRARIES = YES;
				ASSETCATALOG_COMPILER_APPICON_NAME = AppIcon;
				ASSETCATALOG_COMPILER_GLOBAL_ACCENT_COLOR_NAME = AccentColor;
				CODE_SIGN_IDENTITY = "iPhone Distribution";
				CODE_SIGN_STYLE = Manual;
				CURRENT_PROJECT_VERSION = 1;
				DEVELOPMENT_TEAM = ZNH7978JJQ;
				GENERATE_INFOPLIST_FILE = YES;
				INFOPLIST_FILE = "MacC-GoldenRatio/Info.plist";
				INFOPLIST_KEY_UIApplicationSupportsIndirectInputEvents = YES;
				INFOPLIST_KEY_UILaunchStoryboardName = LaunchScreen;
				INFOPLIST_KEY_UISupportedInterfaceOrientations_iPad = "UIInterfaceOrientationPortrait UIInterfaceOrientationPortraitUpsideDown UIInterfaceOrientationLandscapeLeft UIInterfaceOrientationLandscapeRight";
				INFOPLIST_KEY_UISupportedInterfaceOrientations_iPhone = "UIInterfaceOrientationPortrait UIInterfaceOrientationLandscapeLeft UIInterfaceOrientationLandscapeRight";
				IPHONEOS_DEPLOYMENT_TARGET = 14.0;
				LD_RUNPATH_SEARCH_PATHS = (
					"$(inherited)",
					"@executable_path/Frameworks",
				);
				MARKETING_VERSION = 1.0;
				PRODUCT_BUNDLE_IDENTIFIER = "com.TwoInterval.MacC-GoldenRatio";
				PRODUCT_NAME = "$(TARGET_NAME)";
				PROVISIONING_PROFILE_SPECIFIER = DiaryAppForDistribution;
				SWIFT_EMIT_LOC_STRINGS = YES;
				SWIFT_VERSION = 5.0;
				TARGETED_DEVICE_FAMILY = "1,2";
			};
			name = Release;
		};
		E28F082C28E4655200832F4A /* Debug */ = {
			isa = XCBuildConfiguration;
			buildSettings = {
				ALWAYS_EMBED_SWIFT_STANDARD_LIBRARIES = YES;
				BUNDLE_LOADER = "$(TEST_HOST)";
				CODE_SIGN_STYLE = Automatic;
				CURRENT_PROJECT_VERSION = 1;
				DEVELOPMENT_TEAM = SXSNK823Y9;
				GENERATE_INFOPLIST_FILE = YES;
				IPHONEOS_DEPLOYMENT_TARGET = 15.5;
				MARKETING_VERSION = 1.0;
				PRODUCT_BUNDLE_IDENTIFIER = "com.TwoInterval.MacC-GoldenRatioTests";
				PRODUCT_NAME = "$(TARGET_NAME)";
				SWIFT_EMIT_LOC_STRINGS = NO;
				SWIFT_VERSION = 5.0;
				TARGETED_DEVICE_FAMILY = "1,2";
				TEST_HOST = "$(BUILT_PRODUCTS_DIR)/MacC-GoldenRatio.app/MacC-GoldenRatio";
			};
			name = Debug;
		};
		E28F082D28E4655200832F4A /* Release */ = {
			isa = XCBuildConfiguration;
			buildSettings = {
				ALWAYS_EMBED_SWIFT_STANDARD_LIBRARIES = YES;
				BUNDLE_LOADER = "$(TEST_HOST)";
				CODE_SIGN_STYLE = Automatic;
				CURRENT_PROJECT_VERSION = 1;
				DEVELOPMENT_TEAM = SXSNK823Y9;
				GENERATE_INFOPLIST_FILE = YES;
				IPHONEOS_DEPLOYMENT_TARGET = 15.5;
				MARKETING_VERSION = 1.0;
				PRODUCT_BUNDLE_IDENTIFIER = "com.TwoInterval.MacC-GoldenRatioTests";
				PRODUCT_NAME = "$(TARGET_NAME)";
				SWIFT_EMIT_LOC_STRINGS = NO;
				SWIFT_VERSION = 5.0;
				TARGETED_DEVICE_FAMILY = "1,2";
				TEST_HOST = "$(BUILT_PRODUCTS_DIR)/MacC-GoldenRatio.app/MacC-GoldenRatio";
			};
			name = Release;
		};
		E28F082F28E4655200832F4A /* Debug */ = {
			isa = XCBuildConfiguration;
			buildSettings = {
				ALWAYS_EMBED_SWIFT_STANDARD_LIBRARIES = YES;
				CODE_SIGN_STYLE = Automatic;
				CURRENT_PROJECT_VERSION = 1;
				DEVELOPMENT_TEAM = SXSNK823Y9;
				GENERATE_INFOPLIST_FILE = YES;
				MARKETING_VERSION = 1.0;
				PRODUCT_BUNDLE_IDENTIFIER = "com.TwoInterval.MacC-GoldenRatioUITests";
				PRODUCT_NAME = "$(TARGET_NAME)";
				SWIFT_EMIT_LOC_STRINGS = NO;
				SWIFT_VERSION = 5.0;
				TARGETED_DEVICE_FAMILY = "1,2";
				TEST_TARGET_NAME = "MacC-GoldenRatio";
			};
			name = Debug;
		};
		E28F083028E4655200832F4A /* Release */ = {
			isa = XCBuildConfiguration;
			buildSettings = {
				ALWAYS_EMBED_SWIFT_STANDARD_LIBRARIES = YES;
				CODE_SIGN_STYLE = Automatic;
				CURRENT_PROJECT_VERSION = 1;
				DEVELOPMENT_TEAM = SXSNK823Y9;
				GENERATE_INFOPLIST_FILE = YES;
				MARKETING_VERSION = 1.0;
				PRODUCT_BUNDLE_IDENTIFIER = "com.TwoInterval.MacC-GoldenRatioUITests";
				PRODUCT_NAME = "$(TARGET_NAME)";
				SWIFT_EMIT_LOC_STRINGS = NO;
				SWIFT_VERSION = 5.0;
				TARGETED_DEVICE_FAMILY = "1,2";
				TEST_TARGET_NAME = "MacC-GoldenRatio";
			};
			name = Release;
		};
/* End XCBuildConfiguration section */

/* Begin XCConfigurationList section */
		E28F07F928E4655100832F4A /* Build configuration list for PBXProject "MacC-GoldenRatio" */ = {
			isa = XCConfigurationList;
			buildConfigurations = (
				E28F082628E4655200832F4A /* Debug */,
				E28F082728E4655200832F4A /* Release */,
			);
			defaultConfigurationIsVisible = 0;
			defaultConfigurationName = Release;
		};
		E28F082828E4655200832F4A /* Build configuration list for PBXNativeTarget "MacC-GoldenRatio" */ = {
			isa = XCConfigurationList;
			buildConfigurations = (
				E28F082928E4655200832F4A /* Debug */,
				E28F082A28E4655200832F4A /* Release */,
			);
			defaultConfigurationIsVisible = 0;
			defaultConfigurationName = Release;
		};
		E28F082B28E4655200832F4A /* Build configuration list for PBXNativeTarget "MacC-GoldenRatioTests" */ = {
			isa = XCConfigurationList;
			buildConfigurations = (
				E28F082C28E4655200832F4A /* Debug */,
				E28F082D28E4655200832F4A /* Release */,
			);
			defaultConfigurationIsVisible = 0;
			defaultConfigurationName = Release;
		};
		E28F082E28E4655200832F4A /* Build configuration list for PBXNativeTarget "MacC-GoldenRatioUITests" */ = {
			isa = XCConfigurationList;
			buildConfigurations = (
				E28F082F28E4655200832F4A /* Debug */,
				E28F083028E4655200832F4A /* Release */,
			);
			defaultConfigurationIsVisible = 0;
			defaultConfigurationName = Release;
		};
/* End XCConfigurationList section */

/* Begin XCRemoteSwiftPackageReference section */
		E2F5690128E57E7B0039BE37 /* XCRemoteSwiftPackageReference "SnapKit" */ = {
			isa = XCRemoteSwiftPackageReference;
			repositoryURL = "https://github.com/SnapKit/SnapKit.git";
			requirement = {
				kind = upToNextMajorVersion;
				minimumVersion = 5.0.0;
			};
		};
		E2F5690728E5CCDC0039BE37 /* XCRemoteSwiftPackageReference "firebase-ios-sdk" */ = {
			isa = XCRemoteSwiftPackageReference;
			repositoryURL = "https://github.com/firebase/firebase-ios-sdk";
			requirement = {
				kind = upToNextMajorVersion;
				minimumVersion = 9.0.0;
			};
		};
/* End XCRemoteSwiftPackageReference section */

/* Begin XCSwiftPackageProductDependency section */
		E2F5690228E57E7B0039BE37 /* SnapKit */ = {
			isa = XCSwiftPackageProductDependency;
			package = E2F5690128E57E7B0039BE37 /* XCRemoteSwiftPackageReference "SnapKit" */;
			productName = SnapKit;
		};
		E2F5690828E5CCDC0039BE37 /* FirebaseAuth */ = {
			isa = XCSwiftPackageProductDependency;
			package = E2F5690728E5CCDC0039BE37 /* XCRemoteSwiftPackageReference "firebase-ios-sdk" */;
			productName = FirebaseAuth;
		};
		E2F5690A28E5CCDC0039BE37 /* FirebaseAuthCombine-Community */ = {
			isa = XCSwiftPackageProductDependency;
			package = E2F5690728E5CCDC0039BE37 /* XCRemoteSwiftPackageReference "firebase-ios-sdk" */;
			productName = "FirebaseAuthCombine-Community";
		};
		E2F5690C28E5CCDC0039BE37 /* FirebaseDatabase */ = {
			isa = XCSwiftPackageProductDependency;
			package = E2F5690728E5CCDC0039BE37 /* XCRemoteSwiftPackageReference "firebase-ios-sdk" */;
			productName = FirebaseDatabase;
		};
		E2F5690E28E5CCDC0039BE37 /* FirebaseDatabaseSwift */ = {
			isa = XCSwiftPackageProductDependency;
			package = E2F5690728E5CCDC0039BE37 /* XCRemoteSwiftPackageReference "firebase-ios-sdk" */;
			productName = FirebaseDatabaseSwift;
		};
		E2F5691028E5CCDC0039BE37 /* FirebaseFirestore */ = {
			isa = XCSwiftPackageProductDependency;
			package = E2F5690728E5CCDC0039BE37 /* XCRemoteSwiftPackageReference "firebase-ios-sdk" */;
			productName = FirebaseFirestore;
		};
		E2F5691228E5CCDC0039BE37 /* FirebaseFirestoreCombine-Community */ = {
			isa = XCSwiftPackageProductDependency;
			package = E2F5690728E5CCDC0039BE37 /* XCRemoteSwiftPackageReference "firebase-ios-sdk" */;
			productName = "FirebaseFirestoreCombine-Community";
		};
		E2F5691428E5CCDC0039BE37 /* FirebaseStorage */ = {
			isa = XCSwiftPackageProductDependency;
			package = E2F5690728E5CCDC0039BE37 /* XCRemoteSwiftPackageReference "firebase-ios-sdk" */;
			productName = FirebaseStorage;
		};
		E2F5691628E5CCDC0039BE37 /* FirebaseStorageCombine-Community */ = {
			isa = XCSwiftPackageProductDependency;
			package = E2F5690728E5CCDC0039BE37 /* XCRemoteSwiftPackageReference "firebase-ios-sdk" */;
			productName = "FirebaseStorageCombine-Community";
		};
/* End XCSwiftPackageProductDependency section */
	};
	rootObject = E28F07F628E4655100832F4A /* Project object */;
}
